// !$*UTF8*$!
{
	archiveVersion = 1;
	classes = {
	};
	objectVersion = 50;
	objects = {

/* Begin PBXBuildFile section */
		CFA3737A240B75FF007FBCA6 /* AppDelegate.swift in Sources */ = {isa = PBXBuildFile; fileRef = CFA37379240B75FF007FBCA6 /* AppDelegate.swift */; };
		CFA3737C240B75FF007FBCA6 /* SceneDelegate.swift in Sources */ = {isa = PBXBuildFile; fileRef = CFA3737B240B75FF007FBCA6 /* SceneDelegate.swift */; };
		CFA3737F240B75FF007FBCA6 /* Friender.xcdatamodeld in Sources */ = {isa = PBXBuildFile; fileRef = CFA3737D240B75FF007FBCA6 /* Friender.xcdatamodeld */; };
		CFA37381240B75FF007FBCA6 /* ContentView.swift in Sources */ = {isa = PBXBuildFile; fileRef = CFA37380240B75FF007FBCA6 /* ContentView.swift */; };
		CFA37383240B7601007FBCA6 /* Assets.xcassets in Resources */ = {isa = PBXBuildFile; fileRef = CFA37382240B7601007FBCA6 /* Assets.xcassets */; };
		CFA37386240B7601007FBCA6 /* Preview Assets.xcassets in Resources */ = {isa = PBXBuildFile; fileRef = CFA37385240B7601007FBCA6 /* Preview Assets.xcassets */; };
		CFA37389240B7601007FBCA6 /* LaunchScreen.storyboard in Resources */ = {isa = PBXBuildFile; fileRef = CFA37387240B7601007FBCA6 /* LaunchScreen.storyboard */; };
/* End PBXBuildFile section */

/* Begin PBXFileReference section */
		CFA37376240B75FF007FBCA6 /* Friender.app */ = {isa = PBXFileReference; explicitFileType = wrapper.application; includeInIndex = 0; path = Friender.app; sourceTree = BUILT_PRODUCTS_DIR; };
		CFA37379240B75FF007FBCA6 /* AppDelegate.swift */ = {isa = PBXFileReference; lastKnownFileType = sourcecode.swift; path = AppDelegate.swift; sourceTree = "<group>"; };
		CFA3737B240B75FF007FBCA6 /* SceneDelegate.swift */ = {isa = PBXFileReference; lastKnownFileType = sourcecode.swift; path = SceneDelegate.swift; sourceTree = "<group>"; };
		CFA3737E240B75FF007FBCA6 /* Friender.xcdatamodel */ = {isa = PBXFileReference; lastKnownFileType = wrapper.xcdatamodel; path = Friender.xcdatamodel; sourceTree = "<group>"; };
		CFA37380240B75FF007FBCA6 /* ContentView.swift */ = {isa = PBXFileReference; lastKnownFileType = sourcecode.swift; path = ContentView.swift; sourceTree = "<group>"; };
		CFA37382240B7601007FBCA6 /* Assets.xcassets */ = {isa = PBXFileReference; lastKnownFileType = folder.assetcatalog; path = Assets.xcassets; sourceTree = "<group>"; };
		CFA37385240B7601007FBCA6 /* Preview Assets.xcassets */ = {isa = PBXFileReference; lastKnownFileType = folder.assetcatalog; path = "Preview Assets.xcassets"; sourceTree = "<group>"; };
		CFA37388240B7601007FBCA6 /* Base */ = {isa = PBXFileReference; lastKnownFileType = file.storyboard; name = Base; path = Base.lproj/LaunchScreen.storyboard; sourceTree = "<group>"; };
		CFA3738A240B7601007FBCA6 /* Info.plist */ = {isa = PBXFileReference; lastKnownFileType = text.plist.xml; path = Info.plist; sourceTree = "<group>"; };
/* End PBXFileReference section */

/* Begin PBXFrameworksBuildPhase section */
		CFA37373240B75FF007FBCA6 /* Frameworks */ = {
			isa = PBXFrameworksBuildPhase;
			buildActionMask = 2147483647;
			files = (
			);
			runOnlyForDeploymentPostprocessing = 0;
		};
/* End PBXFrameworksBuildPhase section */

/* Begin PBXGroup section */
		CFA3736D240B75FF007FBCA6 = {
			isa = PBXGroup;
			children = (
				CFA37378240B75FF007FBCA6 /* Friender */,
				CFA37377240B75FF007FBCA6 /* Products */,
			);
			sourceTree = "<group>";
		};
		CFA37377240B75FF007FBCA6 /* Products */ = {
			isa = PBXGroup;
			children = (
				CFA37376240B75FF007FBCA6 /* Friender.app */,
			);
			name = Products;
			sourceTree = "<group>";
		};
		CFA37378240B75FF007FBCA6 /* Friender */ = {
			isa = PBXGroup;
			children = (
				CFA37379240B75FF007FBCA6 /* AppDelegate.swift */,
				CFA3737B240B75FF007FBCA6 /* SceneDelegate.swift */,
				CFA37380240B75FF007FBCA6 /* ContentView.swift */,
				CFA37382240B7601007FBCA6 /* Assets.xcassets */,
				CFA37387240B7601007FBCA6 /* LaunchScreen.storyboard */,
				CFA3738A240B7601007FBCA6 /* Info.plist */,
				CFA3737D240B75FF007FBCA6 /* Friender.xcdatamodeld */,
				CFA37384240B7601007FBCA6 /* Preview Content */,
			);
			path = Friender;
			sourceTree = "<group>";
		};
		CFA37384240B7601007FBCA6 /* Preview Content */ = {
			isa = PBXGroup;
			children = (
				CFA37385240B7601007FBCA6 /* Preview Assets.xcassets */,
			);
			path = "Preview Content";
			sourceTree = "<group>";
		};
/* End PBXGroup section */

/* Begin PBXNativeTarget section */
		CFA37375240B75FF007FBCA6 /* Friender */ = {
			isa = PBXNativeTarget;
			buildConfigurationList = CFA3738D240B7601007FBCA6 /* Build configuration list for PBXNativeTarget "Friender" */;
			buildPhases = (
				CFA37372240B75FF007FBCA6 /* Sources */,
				CFA37373240B75FF007FBCA6 /* Frameworks */,
				CFA37374240B75FF007FBCA6 /* Resources */,
			);
			buildRules = (
			);
			dependencies = (
			);
			name = Friender;
			productName = Friender;
			productReference = CFA37376240B75FF007FBCA6 /* Friender.app */;
			productType = "com.apple.product-type.application";
		};
/* End PBXNativeTarget section */

/* Begin PBXProject section */
		CFA3736E240B75FF007FBCA6 /* Project object */ = {
			isa = PBXProject;
			attributes = {
				LastSwiftUpdateCheck = 1130;
				LastUpgradeCheck = 1130;
				ORGANIZATIONNAME = Buck;
				TargetAttributes = {
					CFA37375240B75FF007FBCA6 = {
						CreatedOnToolsVersion = 11.3.1;
					};
				};
			};
			buildConfigurationList = CFA37371240B75FF007FBCA6 /* Build configuration list for PBXProject "Friender" */;
			compatibilityVersion = "Xcode 9.3";
			developmentRegion = en;
			hasScannedForEncodings = 0;
			knownRegions = (
				en,
				Base,
			);
			mainGroup = CFA3736D240B75FF007FBCA6;
			productRefGroup = CFA37377240B75FF007FBCA6 /* Products */;
			projectDirPath = "";
			projectRoot = "";
			targets = (
				CFA37375240B75FF007FBCA6 /* Friender */,
			);
		};
/* End PBXProject section */

/* Begin PBXResourcesBuildPhase section */
		CFA37374240B75FF007FBCA6 /* Resources */ = {
			isa = PBXResourcesBuildPhase;
			buildActionMask = 2147483647;
			files = (
				CFA37389240B7601007FBCA6 /* LaunchScreen.storyboard in Resources */,
				CFA37386240B7601007FBCA6 /* Preview Assets.xcassets in Resources */,
				CFA37383240B7601007FBCA6 /* Assets.xcassets in Resources */,
			);
			runOnlyForDeploymentPostprocessing = 0;
		};
/* End PBXResourcesBuildPhase section */

/* Begin PBXSourcesBuildPhase section */
		CFA37372240B75FF007FBCA6 /* Sources */ = {
			isa = PBXSourcesBuildPhase;
			buildActionMask = 2147483647;
			files = (
				CFA3737F240B75FF007FBCA6 /* Friender.xcdatamodeld in Sources */,
				CFA3737A240B75FF007FBCA6 /* AppDelegate.swift in Sources */,
				CFA37381240B75FF007FBCA6 /* ContentView.swift in Sources */,
				CFA3737C240B75FF007FBCA6 /* SceneDelegate.swift in Sources */,
			);
			runOnlyForDeploymentPostprocessing = 0;
		};
/* End PBXSourcesBuildPhase section */

/* Begin PBXVariantGroup section */
		CFA37387240B7601007FBCA6 /* LaunchScreen.storyboard */ = {
			isa = PBXVariantGroup;
			children = (
				CFA37388240B7601007FBCA6 /* Base */,
			);
			name = LaunchScreen.storyboard;
			sourceTree = "<group>";
		};
/* End PBXVariantGroup section */

/* Begin XCBuildConfiguration section */
		CFA3738B240B7601007FBCA6 /* Debug */ = {
			isa = XCBuildConfiguration;
			buildSettings = {
				ALWAYS_SEARCH_USER_PATHS = NO;
				CLANG_ANALYZER_NONNULL = YES;
				CLANG_ANALYZER_NUMBER_OBJECT_CONVERSION = YES_AGGRESSIVE;
				CLANG_CXX_LANGUAGE_STANDARD = "gnu++14";
				CLANG_CXX_LIBRARY = "libc++";
				CLANG_ENABLE_MODULES = YES;
				CLANG_ENABLE_OBJC_ARC = YES;
				CLANG_ENABLE_OBJC_WEAK = YES;
				CLANG_WARN_BLOCK_CAPTURE_AUTORELEASING = YES;
				CLANG_WARN_BOOL_CONVERSION = YES;
				CLANG_WARN_COMMA = YES;
				CLANG_WARN_CONSTANT_CONVERSION = YES;
				CLANG_WARN_DEPRECATED_OBJC_IMPLEMENTATIONS = YES;
				CLANG_WARN_DIRECT_OBJC_ISA_USAGE = YES_ERROR;
				CLANG_WARN_DOCUMENTATION_COMMENTS = YES;
				CLANG_WARN_EMPTY_BODY = YES;
				CLANG_WARN_ENUM_CONVERSION = YES;
				CLANG_WARN_INFINITE_RECURSION = YES;
				CLANG_WARN_INT_CONVERSION = YES;
				CLANG_WARN_NON_LITERAL_NULL_CONVERSION = YES;
				CLANG_WARN_OBJC_IMPLICIT_RETAIN_SELF = YES;
				CLANG_WARN_OBJC_LITERAL_CONVERSION = YES;
				CLANG_WARN_OBJC_ROOT_CLASS = YES_ERROR;
				CLANG_WARN_RANGE_LOOP_ANALYSIS = YES;
				CLANG_WARN_STRICT_PROTOTYPES = YES;
				CLANG_WARN_SUSPICIOUS_MOVE = YES;
				CLANG_WARN_UNGUARDED_AVAILABILITY = YES_AGGRESSIVE;
				CLANG_WARN_UNREACHABLE_CODE = YES;
				CLANG_WARN__DUPLICATE_METHOD_MATCH = YES;
				COPY_PHASE_STRIP = NO;
				DEBUG_INFORMATION_FORMAT = dwarf;
				ENABLE_STRICT_OBJC_MSGSEND = YES;
				ENABLE_TESTABILITY = YES;
				GCC_C_LANGUAGE_STANDARD = gnu11;
				GCC_DYNAMIC_NO_PIC = NO;
				GCC_NO_COMMON_BLOCKS = YES;
				GCC_OPTIMIZATION_LEVEL = 0;
				GCC_PREPROCESSOR_DEFINITIONS = (
					"DEBUG=1",
					"$(inherited)",
				);
				GCC_WARN_64_TO_32_BIT_CONVERSION = YES;
				GCC_WARN_ABOUT_RETURN_TYPE = YES_ERROR;
				GCC_WARN_UNDECLARED_SELECTOR = YES;
				GCC_WARN_UNINITIALIZED_AUTOS = YES_AGGRESSIVE;
				GCC_WARN_UNUSED_FUNCTION = YES;
				GCC_WARN_UNUSED_VARIABLE = YES;
				IPHONEOS_DEPLOYMENT_TARGET = 13.2;
				MTL_ENABLE_DEBUG_INFO = INCLUDE_SOURCE;
				MTL_FAST_MATH = YES;
				ONLY_ACTIVE_ARCH = YES;
				SDKROOT = iphoneos;
				SWIFT_ACTIVE_COMPILATION_CONDITIONS = DEBUG;
				SWIFT_OPTIMIZATION_LEVEL = "-Onone";
			};
			name = Debug;
		};
		CFA3738C240B7601007FBCA6 /* Release */ = {
			isa = XCBuildConfiguration;
			buildSettings = {
				ALWAYS_SEARCH_USER_PATHS = NO;
				CLANG_ANALYZER_NONNULL = YES;
				CLANG_ANALYZER_NUMBER_OBJECT_CONVERSION = YES_AGGRESSIVE;
				CLANG_CXX_LANGUAGE_STANDARD = "gnu++14";
				CLANG_CXX_LIBRARY = "libc++";
				CLANG_ENABLE_MODULES = YES;
				CLANG_ENABLE_OBJC_ARC = YES;
				CLANG_ENABLE_OBJC_WEAK = YES;
				CLANG_WARN_BLOCK_CAPTURE_AUTORELEASING = YES;
				CLANG_WARN_BOOL_CONVERSION = YES;
				CLANG_WARN_COMMA = YES;
				CLANG_WARN_CONSTANT_CONVERSION = YES;
				CLANG_WARN_DEPRECATED_OBJC_IMPLEMENTATIONS = YES;
				CLANG_WARN_DIRECT_OBJC_ISA_USAGE = YES_ERROR;
				CLANG_WARN_DOCUMENTATION_COMMENTS = YES;
				CLANG_WARN_EMPTY_BODY = YES;
				CLANG_WARN_ENUM_CONVERSION = YES;
				CLANG_WARN_INFINITE_RECURSION = YES;
				CLANG_WARN_INT_CONVERSION = YES;
				CLANG_WARN_NON_LITERAL_NULL_CONVERSION = YES;
				CLANG_WARN_OBJC_IMPLICIT_RETAIN_SELF = YES;
				CLANG_WARN_OBJC_LITERAL_CONVERSION = YES;
				CLANG_WARN_OBJC_ROOT_CLASS = YES_ERROR;
				CLANG_WARN_RANGE_LOOP_ANALYSIS = YES;
				CLANG_WARN_STRICT_PROTOTYPES = YES;
				CLANG_WARN_SUSPICIOUS_MOVE = YES;
				CLANG_WARN_UNGUARDED_AVAILABILITY = YES_AGGRESSIVE;
				CLANG_WARN_UNREACHABLE_CODE = YES;
				CLANG_WARN__DUPLICATE_METHOD_MATCH = YES;
				COPY_PHASE_STRIP = NO;
				DEBUG_INFORMATION_FORMAT = "dwarf-with-dsym";
				ENABLE_NS_ASSERTIONS = NO;
				ENABLE_STRICT_OBJC_MSGSEND = YES;
				GCC_C_LANGUAGE_STANDARD = gnu11;
				GCC_NO_COMMON_BLOCKS = YES;
				GCC_WARN_64_TO_32_BIT_CONVERSION = YES;
				GCC_WARN_ABOUT_RETURN_TYPE = YES_ERROR;
				GCC_WARN_UNDECLARED_SELECTOR = YES;
				GCC_WARN_UNINITIALIZED_AUTOS = YES_AGGRESSIVE;
				GCC_WARN_UNUSED_FUNCTION = YES;
				GCC_WARN_UNUSED_VARIABLE = YES;
				IPHONEOS_DEPLOYMENT_TARGET = 13.2;
				MTL_ENABLE_DEBUG_INFO = NO;
				MTL_FAST_MATH = YES;
				SDKROOT = iphoneos;
				SWIFT_COMPILATION_MODE = wholemodule;
				SWIFT_OPTIMIZATION_LEVEL = "-O";
				VALIDATE_PRODUCT = YES;
			};
			name = Release;
		};
		CFA3738E240B7601007FBCA6 /* Debug */ = {
			isa = XCBuildConfiguration;
			buildSettings = {
				ASSETCATALOG_COMPILER_APPICON_NAME = AppIcon;
				CODE_SIGN_STYLE = Automatic;
				DEVELOPMENT_ASSET_PATHS = "\"Friender/Preview Content\"";
				ENABLE_PREVIEWS = YES;
				INFOPLIST_FILE = Friender/Info.plist;
				LD_RUNPATH_SEARCH_PATHS = (
					"$(inherited)",
					"@executable_path/Frameworks",
				);
				PRODUCT_BUNDLE_IDENTIFIER = com.buck.Friender;
				PRODUCT_NAME = "$(TARGET_NAME)";
				SWIFT_VERSION = 5.0;
				TARGETED_DEVICE_FAMILY = "1,2";
			};
			name = Debug;
		};
		CFA3738F240B7601007FBCA6 /* Release */ = {
			isa = XCBuildConfiguration;
			buildSettings = {
				ASSETCATALOG_COMPILER_APPICON_NAME = AppIcon;
				CODE_SIGN_STYLE = Automatic;
				DEVELOPMENT_ASSET_PATHS = "\"Friender/Preview Content\"";
				ENABLE_PREVIEWS = YES;
				INFOPLIST_FILE = Friender/Info.plist;
				LD_RUNPATH_SEARCH_PATHS = (
					"$(inherited)",
					"@executable_path/Frameworks",
				);
				PRODUCT_BUNDLE_IDENTIFIER = com.buck.Friender;
				PRODUCT_NAME = "$(TARGET_NAME)";
				SWIFT_VERSION = 5.0;
				TARGETED_DEVICE_FAMILY = "1,2";
			};
			name = Release;
		};
/* End XCBuildConfiguration section */

/* Begin XCConfigurationList section */
		CFA37371240B75FF007FBCA6 /* Build configuration list for PBXProject "Friender" */ = {
			isa = XCConfigurationList;
			buildConfigurations = (
				CFA3738B240B7601007FBCA6 /* Debug */,
				CFA3738C240B7601007FBCA6 /* Release */,
			);
			defaultConfigurationIsVisible = 0;
			defaultConfigurationName = Release;
		};
		CFA3738D240B7601007FBCA6 /* Build configuration list for PBXNativeTarget "Friender" */ = {
			isa = XCConfigurationList;
			buildConfigurations = (
				CFA3738E240B7601007FBCA6 /* Debug */,
				CFA3738F240B7601007FBCA6 /* Release */,
			);
			defaultConfigurationIsVisible = 0;
			defaultConfigurationName = Release;
		};
/* End XCConfigurationList section */

/* Begin XCVersionGroup section */
		CFA3737D240B75FF007FBCA6 /* Friender.xcdatamodeld */ = {
			isa = XCVersionGroup;
			children = (
				CFA3737E240B75FF007FBCA6 /* Friender.xcdatamodel */,
			);
			currentVersion = CFA3737E240B75FF007FBCA6 /* Friender.xcdatamodel */;
			path = Friender.xcdatamodeld;
			sourceTree = "<group>";
			versionGroupType = wrapper.xcdatamodel;
		};
/* End XCVersionGroup section */
	};
	rootObject = CFA3736E240B75FF007FBCA6 /* Project object */;
}
