// !$*UTF8*$!
{
	archiveVersion = 1;
	classes = {
	};
	objectVersion = 50;
	objects = {

/* Begin PBXBuildFile section */
		CF35CAC9235CB5DF00513526 /* SleepCalculator.mlmodel in Sources */ = {isa = PBXBuildFile; fileRef = CF35CAC8235CB5DF00513526 /* SleepCalculator.mlmodel */; };
		CF81F1B4235C7AE20073A0B5 /* AppDelegate.swift in Sources */ = {isa = PBXBuildFile; fileRef = CF81F1B3235C7AE20073A0B5 /* AppDelegate.swift */; };
		CF81F1B6235C7AE20073A0B5 /* SceneDelegate.swift in Sources */ = {isa = PBXBuildFile; fileRef = CF81F1B5235C7AE20073A0B5 /* SceneDelegate.swift */; };
		CF81F1B8235C7AE20073A0B5 /* ContentView.swift in Sources */ = {isa = PBXBuildFile; fileRef = CF81F1B7235C7AE20073A0B5 /* ContentView.swift */; };
		CF81F1BA235C7AE40073A0B5 /* Assets.xcassets in Resources */ = {isa = PBXBuildFile; fileRef = CF81F1B9235C7AE40073A0B5 /* Assets.xcassets */; };
		CF81F1BD235C7AE40073A0B5 /* Preview Assets.xcassets in Resources */ = {isa = PBXBuildFile; fileRef = CF81F1BC235C7AE40073A0B5 /* Preview Assets.xcassets */; };
		CF81F1C0235C7AE40073A0B5 /* LaunchScreen.storyboard in Resources */ = {isa = PBXBuildFile; fileRef = CF81F1BE235C7AE40073A0B5 /* LaunchScreen.storyboard */; };
/* End PBXBuildFile section */

/* Begin PBXFileReference section */
		CF35CAC8235CB5DF00513526 /* SleepCalculator.mlmodel */ = {isa = PBXFileReference; lastKnownFileType = file.mlmodel; path = SleepCalculator.mlmodel; sourceTree = "<group>"; };
		CF81F1B0235C7AE20073A0B5 /* BetterRest.app */ = {isa = PBXFileReference; explicitFileType = wrapper.application; includeInIndex = 0; path = BetterRest.app; sourceTree = BUILT_PRODUCTS_DIR; };
		CF81F1B3235C7AE20073A0B5 /* AppDelegate.swift */ = {isa = PBXFileReference; lastKnownFileType = sourcecode.swift; path = AppDelegate.swift; sourceTree = "<group>"; };
		CF81F1B5235C7AE20073A0B5 /* SceneDelegate.swift */ = {isa = PBXFileReference; lastKnownFileType = sourcecode.swift; path = SceneDelegate.swift; sourceTree = "<group>"; };
		CF81F1B7235C7AE20073A0B5 /* ContentView.swift */ = {isa = PBXFileReference; lastKnownFileType = sourcecode.swift; path = ContentView.swift; sourceTree = "<group>"; };
		CF81F1B9235C7AE40073A0B5 /* Assets.xcassets */ = {isa = PBXFileReference; lastKnownFileType = folder.assetcatalog; path = Assets.xcassets; sourceTree = "<group>"; };
		CF81F1BC235C7AE40073A0B5 /* Preview Assets.xcassets */ = {isa = PBXFileReference; lastKnownFileType = folder.assetcatalog; path = "Preview Assets.xcassets"; sourceTree = "<group>"; };
		CF81F1BF235C7AE40073A0B5 /* Base */ = {isa = PBXFileReference; lastKnownFileType = file.storyboard; name = Base; path = Base.lproj/LaunchScreen.storyboard; sourceTree = "<group>"; };
		CF81F1C1235C7AE40073A0B5 /* Info.plist */ = {isa = PBXFileReference; lastKnownFileType = text.plist.xml; path = Info.plist; sourceTree = "<group>"; };
/* End PBXFileReference section */

/* Begin PBXFrameworksBuildPhase section */
		CF81F1AD235C7AE20073A0B5 /* Frameworks */ = {
			isa = PBXFrameworksBuildPhase;
			buildActionMask = 2147483647;
			files = (
			);
			runOnlyForDeploymentPostprocessing = 0;
		};
/* End PBXFrameworksBuildPhase section */

/* Begin PBXGroup section */
		CF81F1A7235C7AE20073A0B5 = {
			isa = PBXGroup;
			children = (
				CF81F1B2235C7AE20073A0B5 /* BetterRest */,
				CF81F1B1235C7AE20073A0B5 /* Products */,
			);
			sourceTree = "<group>";
		};
		CF81F1B1235C7AE20073A0B5 /* Products */ = {
			isa = PBXGroup;
			children = (
				CF81F1B0235C7AE20073A0B5 /* BetterRest.app */,
			);
			name = Products;
			sourceTree = "<group>";
		};
		CF81F1B2235C7AE20073A0B5 /* BetterRest */ = {
			isa = PBXGroup;
			children = (
				CF81F1B3235C7AE20073A0B5 /* AppDelegate.swift */,
				CF81F1B5235C7AE20073A0B5 /* SceneDelegate.swift */,
				CF81F1B7235C7AE20073A0B5 /* ContentView.swift */,
				CF81F1B9235C7AE40073A0B5 /* Assets.xcassets */,
				CF81F1BE235C7AE40073A0B5 /* LaunchScreen.storyboard */,
				CF81F1C1235C7AE40073A0B5 /* Info.plist */,
				CF35CAC8235CB5DF00513526 /* SleepCalculator.mlmodel */,
				CF81F1BB235C7AE40073A0B5 /* Preview Content */,
			);
			path = BetterRest;
			sourceTree = "<group>";
		};
		CF81F1BB235C7AE40073A0B5 /* Preview Content */ = {
			isa = PBXGroup;
			children = (
				CF81F1BC235C7AE40073A0B5 /* Preview Assets.xcassets */,
			);
			path = "Preview Content";
			sourceTree = "<group>";
		};
/* End PBXGroup section */

/* Begin PBXNativeTarget section */
		CF81F1AF235C7AE20073A0B5 /* BetterRest */ = {
			isa = PBXNativeTarget;
			buildConfigurationList = CF81F1C4235C7AE40073A0B5 /* Build configuration list for PBXNativeTarget "BetterRest" */;
			buildPhases = (
				CF81F1AC235C7AE20073A0B5 /* Sources */,
				CF81F1AD235C7AE20073A0B5 /* Frameworks */,
				CF81F1AE235C7AE20073A0B5 /* Resources */,
			);
			buildRules = (
			);
			dependencies = (
			);
			name = BetterRest;
			productName = BetterRest;
			productReference = CF81F1B0235C7AE20073A0B5 /* BetterRest.app */;
			productType = "com.apple.product-type.application";
		};
/* End PBXNativeTarget section */

/* Begin PBXProject section */
		CF81F1A8235C7AE20073A0B5 /* Project object */ = {
			isa = PBXProject;
			attributes = {
				LastSwiftUpdateCheck = 1110;
				LastUpgradeCheck = 1110;
				ORGANIZATIONNAME = Buck;
				TargetAttributes = {
					CF81F1AF235C7AE20073A0B5 = {
						CreatedOnToolsVersion = 11.1;
					};
				};
			};
			buildConfigurationList = CF81F1AB235C7AE20073A0B5 /* Build configuration list for PBXProject "BetterRest" */;
			compatibilityVersion = "Xcode 9.3";
			developmentRegion = en;
			hasScannedForEncodings = 0;
			knownRegions = (
				en,
				Base,
			);
			mainGroup = CF81F1A7235C7AE20073A0B5;
			productRefGroup = CF81F1B1235C7AE20073A0B5 /* Products */;
			projectDirPath = "";
			projectRoot = "";
			targets = (
				CF81F1AF235C7AE20073A0B5 /* BetterRest */,
			);
		};
/* End PBXProject section */

/* Begin PBXResourcesBuildPhase section */
		CF81F1AE235C7AE20073A0B5 /* Resources */ = {
			isa = PBXResourcesBuildPhase;
			buildActionMask = 2147483647;
			files = (
				CF81F1C0235C7AE40073A0B5 /* LaunchScreen.storyboard in Resources */,
				CF81F1BD235C7AE40073A0B5 /* Preview Assets.xcassets in Resources */,
				CF81F1BA235C7AE40073A0B5 /* Assets.xcassets in Resources */,
			);
			runOnlyForDeploymentPostprocessing = 0;
		};
/* End PBXResourcesBuildPhase section */

/* Begin PBXSourcesBuildPhase section */
		CF81F1AC235C7AE20073A0B5 /* Sources */ = {
			isa = PBXSourcesBuildPhase;
			buildActionMask = 2147483647;
			files = (
				CF81F1B4235C7AE20073A0B5 /* AppDelegate.swift in Sources */,
				CF81F1B6235C7AE20073A0B5 /* SceneDelegate.swift in Sources */,
				CF35CAC9235CB5DF00513526 /* SleepCalculator.mlmodel in Sources */,
				CF81F1B8235C7AE20073A0B5 /* ContentView.swift in Sources */,
			);
			runOnlyForDeploymentPostprocessing = 0;
		};
/* End PBXSourcesBuildPhase section */

/* Begin PBXVariantGroup section */
		CF81F1BE235C7AE40073A0B5 /* LaunchScreen.storyboard */ = {
			isa = PBXVariantGroup;
			children = (
				CF81F1BF235C7AE40073A0B5 /* Base */,
			);
			name = LaunchScreen.storyboard;
			sourceTree = "<group>";
		};
/* End PBXVariantGroup section */

/* Begin XCBuildConfiguration section */
		CF81F1C2235C7AE40073A0B5 /* Debug */ = {
			isa = XCBuildConfiguration;
			buildSettings = {
				ALWAYS_SEARCH_USER_PATHS = NO;
				CLANG_ANALYZER_NONNULL = YES;
				CLANG_ANALYZER_NUMBER_OBJECT_CONVERSION = YES_AGGRESSIVE;
				CLANG_CXX_LANGUAGE_STANDARD = "gnu++14";
				CLANG_CXX_LIBRARY = "libc++";
				CLANG_ENABLE_MODULES = YES;
				CLANG_ENABLE_OBJC_ARC = YES;
				CLANG_ENABLE_OBJC_WEAK = YES;
				CLANG_WARN_BLOCK_CAPTURE_AUTORELEASING = YES;
				CLANG_WARN_BOOL_CONVERSION = YES;
				CLANG_WARN_COMMA = YES;
				CLANG_WARN_CONSTANT_CONVERSION = YES;
				CLANG_WARN_DEPRECATED_OBJC_IMPLEMENTATIONS = YES;
				CLANG_WARN_DIRECT_OBJC_ISA_USAGE = YES_ERROR;
				CLANG_WARN_DOCUMENTATION_COMMENTS = YES;
				CLANG_WARN_EMPTY_BODY = YES;
				CLANG_WARN_ENUM_CONVERSION = YES;
				CLANG_WARN_INFINITE_RECURSION = YES;
				CLANG_WARN_INT_CONVERSION = YES;
				CLANG_WARN_NON_LITERAL_NULL_CONVERSION = YES;
				CLANG_WARN_OBJC_IMPLICIT_RETAIN_SELF = YES;
				CLANG_WARN_OBJC_LITERAL_CONVERSION = YES;
				CLANG_WARN_OBJC_ROOT_CLASS = YES_ERROR;
				CLANG_WARN_RANGE_LOOP_ANALYSIS = YES;
				CLANG_WARN_STRICT_PROTOTYPES = YES;
				CLANG_WARN_SUSPICIOUS_MOVE = YES;
				CLANG_WARN_UNGUARDED_AVAILABILITY = YES_AGGRESSIVE;
				CLANG_WARN_UNREACHABLE_CODE = YES;
				CLANG_WARN__DUPLICATE_METHOD_MATCH = YES;
				COPY_PHASE_STRIP = NO;
				DEBUG_INFORMATION_FORMAT = dwarf;
				ENABLE_STRICT_OBJC_MSGSEND = YES;
				ENABLE_TESTABILITY = YES;
				GCC_C_LANGUAGE_STANDARD = gnu11;
				GCC_DYNAMIC_NO_PIC = NO;
				GCC_NO_COMMON_BLOCKS = YES;
				GCC_OPTIMIZATION_LEVEL = 0;
				GCC_PREPROCESSOR_DEFINITIONS = (
					"DEBUG=1",
					"$(inherited)",
				);
				GCC_WARN_64_TO_32_BIT_CONVERSION = YES;
				GCC_WARN_ABOUT_RETURN_TYPE = YES_ERROR;
				GCC_WARN_UNDECLARED_SELECTOR = YES;
				GCC_WARN_UNINITIALIZED_AUTOS = YES_AGGRESSIVE;
				GCC_WARN_UNUSED_FUNCTION = YES;
				GCC_WARN_UNUSED_VARIABLE = YES;
				IPHONEOS_DEPLOYMENT_TARGET = 13.1;
				MTL_ENABLE_DEBUG_INFO = INCLUDE_SOURCE;
				MTL_FAST_MATH = YES;
				ONLY_ACTIVE_ARCH = YES;
				SDKROOT = iphoneos;
				SWIFT_ACTIVE_COMPILATION_CONDITIONS = DEBUG;
				SWIFT_OPTIMIZATION_LEVEL = "-Onone";
			};
			name = Debug;
		};
		CF81F1C3235C7AE40073A0B5 /* Release */ = {
			isa = XCBuildConfiguration;
			buildSettings = {
				ALWAYS_SEARCH_USER_PATHS = NO;
				CLANG_ANALYZER_NONNULL = YES;
				CLANG_ANALYZER_NUMBER_OBJECT_CONVERSION = YES_AGGRESSIVE;
				CLANG_CXX_LANGUAGE_STANDARD = "gnu++14";
				CLANG_CXX_LIBRARY = "libc++";
				CLANG_ENABLE_MODULES = YES;
				CLANG_ENABLE_OBJC_ARC = YES;
				CLANG_ENABLE_OBJC_WEAK = YES;
				CLANG_WARN_BLOCK_CAPTURE_AUTORELEASING = YES;
				CLANG_WARN_BOOL_CONVERSION = YES;
				CLANG_WARN_COMMA = YES;
				CLANG_WARN_CONSTANT_CONVERSION = YES;
				CLANG_WARN_DEPRECATED_OBJC_IMPLEMENTATIONS = YES;
				CLANG_WARN_DIRECT_OBJC_ISA_USAGE = YES_ERROR;
				CLANG_WARN_DOCUMENTATION_COMMENTS = YES;
				CLANG_WARN_EMPTY_BODY = YES;
				CLANG_WARN_ENUM_CONVERSION = YES;
				CLANG_WARN_INFINITE_RECURSION = YES;
				CLANG_WARN_INT_CONVERSION = YES;
				CLANG_WARN_NON_LITERAL_NULL_CONVERSION = YES;
				CLANG_WARN_OBJC_IMPLICIT_RETAIN_SELF = YES;
				CLANG_WARN_OBJC_LITERAL_CONVERSION = YES;
				CLANG_WARN_OBJC_ROOT_CLASS = YES_ERROR;
				CLANG_WARN_RANGE_LOOP_ANALYSIS = YES;
				CLANG_WARN_STRICT_PROTOTYPES = YES;
				CLANG_WARN_SUSPICIOUS_MOVE = YES;
				CLANG_WARN_UNGUARDED_AVAILABILITY = YES_AGGRESSIVE;
				CLANG_WARN_UNREACHABLE_CODE = YES;
				CLANG_WARN__DUPLICATE_METHOD_MATCH = YES;
				COPY_PHASE_STRIP = NO;
				DEBUG_INFORMATION_FORMAT = "dwarf-with-dsym";
				ENABLE_NS_ASSERTIONS = NO;
				ENABLE_STRICT_OBJC_MSGSEND = YES;
				GCC_C_LANGUAGE_STANDARD = gnu11;
				GCC_NO_COMMON_BLOCKS = YES;
				GCC_WARN_64_TO_32_BIT_CONVERSION = YES;
				GCC_WARN_ABOUT_RETURN_TYPE = YES_ERROR;
				GCC_WARN_UNDECLARED_SELECTOR = YES;
				GCC_WARN_UNINITIALIZED_AUTOS = YES_AGGRESSIVE;
				GCC_WARN_UNUSED_FUNCTION = YES;
				GCC_WARN_UNUSED_VARIABLE = YES;
				IPHONEOS_DEPLOYMENT_TARGET = 13.1;
				MTL_ENABLE_DEBUG_INFO = NO;
				MTL_FAST_MATH = YES;
				SDKROOT = iphoneos;
				SWIFT_COMPILATION_MODE = wholemodule;
				SWIFT_OPTIMIZATION_LEVEL = "-O";
				VALIDATE_PRODUCT = YES;
			};
			name = Release;
		};
		CF81F1C5235C7AE40073A0B5 /* Debug */ = {
			isa = XCBuildConfiguration;
			buildSettings = {
				ASSETCATALOG_COMPILER_APPICON_NAME = AppIcon;
				CODE_SIGN_STYLE = Automatic;
				DEVELOPMENT_ASSET_PATHS = "\"BetterRest/Preview Content\"";
				ENABLE_PREVIEWS = YES;
				INFOPLIST_FILE = BetterRest/Info.plist;
				LD_RUNPATH_SEARCH_PATHS = (
					"$(inherited)",
					"@executable_path/Frameworks",
				);
				PRODUCT_BUNDLE_IDENTIFIER = com.buck.BetterRest;
				PRODUCT_NAME = "$(TARGET_NAME)";
				SWIFT_VERSION = 5.0;
				TARGETED_DEVICE_FAMILY = "1,2";
			};
			name = Debug;
		};
		CF81F1C6235C7AE40073A0B5 /* Release */ = {
			isa = XCBuildConfiguration;
			buildSettings = {
				ASSETCATALOG_COMPILER_APPICON_NAME = AppIcon;
				CODE_SIGN_STYLE = Automatic;
				DEVELOPMENT_ASSET_PATHS = "\"BetterRest/Preview Content\"";
				ENABLE_PREVIEWS = YES;
				INFOPLIST_FILE = BetterRest/Info.plist;
				LD_RUNPATH_SEARCH_PATHS = (
					"$(inherited)",
					"@executable_path/Frameworks",
				);
				PRODUCT_BUNDLE_IDENTIFIER = com.buck.BetterRest;
				PRODUCT_NAME = "$(TARGET_NAME)";
				SWIFT_VERSION = 5.0;
				TARGETED_DEVICE_FAMILY = "1,2";
			};
			name = Release;
		};
/* End XCBuildConfiguration section */

/* Begin XCConfigurationList section */
		CF81F1AB235C7AE20073A0B5 /* Build configuration list for PBXProject "BetterRest" */ = {
			isa = XCConfigurationList;
			buildConfigurations = (
				CF81F1C2235C7AE40073A0B5 /* Debug */,
				CF81F1C3235C7AE40073A0B5 /* Release */,
			);
			defaultConfigurationIsVisible = 0;
			defaultConfigurationName = Release;
		};
		CF81F1C4235C7AE40073A0B5 /* Build configuration list for PBXNativeTarget "BetterRest" */ = {
			isa = XCConfigurationList;
			buildConfigurations = (
				CF81F1C5235C7AE40073A0B5 /* Debug */,
				CF81F1C6235C7AE40073A0B5 /* Release */,
			);
			defaultConfigurationIsVisible = 0;
			defaultConfigurationName = Release;
		};
/* End XCConfigurationList section */
	};
	rootObject = CF81F1A8235C7AE20073A0B5 /* Project object */;
}
