// !$*UTF8*$!
{
	archiveVersion = 1;
	classes = {
	};
	objectVersion = 50;
	objects = {

/* Begin PBXBuildFile section */
		CFF4F223235F3C090026CB82 /* AppDelegate.swift in Sources */ = {isa = PBXBuildFile; fileRef = CFF4F222235F3C090026CB82 /* AppDelegate.swift */; };
		CFF4F225235F3C090026CB82 /* SceneDelegate.swift in Sources */ = {isa = PBXBuildFile; fileRef = CFF4F224235F3C090026CB82 /* SceneDelegate.swift */; };
		CFF4F227235F3C090026CB82 /* ContentView.swift in Sources */ = {isa = PBXBuildFile; fileRef = CFF4F226235F3C090026CB82 /* ContentView.swift */; };
		CFF4F229235F3C0B0026CB82 /* Assets.xcassets in Resources */ = {isa = PBXBuildFile; fileRef = CFF4F228235F3C0B0026CB82 /* Assets.xcassets */; };
		CFF4F22C235F3C0B0026CB82 /* Preview Assets.xcassets in Resources */ = {isa = PBXBuildFile; fileRef = CFF4F22B235F3C0B0026CB82 /* Preview Assets.xcassets */; };
		CFF4F22F235F3C0B0026CB82 /* LaunchScreen.storyboard in Resources */ = {isa = PBXBuildFile; fileRef = CFF4F22D235F3C0B0026CB82 /* LaunchScreen.storyboard */; };
		CFF4F237235F3C3D0026CB82 /* start.txt in Resources */ = {isa = PBXBuildFile; fileRef = CFF4F236235F3C3D0026CB82 /* start.txt */; };
/* End PBXBuildFile section */

/* Begin PBXFileReference section */
		CFF4F21F235F3C090026CB82 /* WordScramble.app */ = {isa = PBXFileReference; explicitFileType = wrapper.application; includeInIndex = 0; path = WordScramble.app; sourceTree = BUILT_PRODUCTS_DIR; };
		CFF4F222235F3C090026CB82 /* AppDelegate.swift */ = {isa = PBXFileReference; lastKnownFileType = sourcecode.swift; path = AppDelegate.swift; sourceTree = "<group>"; };
		CFF4F224235F3C090026CB82 /* SceneDelegate.swift */ = {isa = PBXFileReference; lastKnownFileType = sourcecode.swift; path = SceneDelegate.swift; sourceTree = "<group>"; };
		CFF4F226235F3C090026CB82 /* ContentView.swift */ = {isa = PBXFileReference; lastKnownFileType = sourcecode.swift; path = ContentView.swift; sourceTree = "<group>"; };
		CFF4F228235F3C0B0026CB82 /* Assets.xcassets */ = {isa = PBXFileReference; lastKnownFileType = folder.assetcatalog; path = Assets.xcassets; sourceTree = "<group>"; };
		CFF4F22B235F3C0B0026CB82 /* Preview Assets.xcassets */ = {isa = PBXFileReference; lastKnownFileType = folder.assetcatalog; path = "Preview Assets.xcassets"; sourceTree = "<group>"; };
		CFF4F22E235F3C0B0026CB82 /* Base */ = {isa = PBXFileReference; lastKnownFileType = file.storyboard; name = Base; path = Base.lproj/LaunchScreen.storyboard; sourceTree = "<group>"; };
		CFF4F230235F3C0B0026CB82 /* Info.plist */ = {isa = PBXFileReference; lastKnownFileType = text.plist.xml; path = Info.plist; sourceTree = "<group>"; };
		CFF4F236235F3C3D0026CB82 /* start.txt */ = {isa = PBXFileReference; fileEncoding = 4; lastKnownFileType = text; path = start.txt; sourceTree = "<group>"; };
/* End PBXFileReference section */

/* Begin PBXFrameworksBuildPhase section */
		CFF4F21C235F3C090026CB82 /* Frameworks */ = {
			isa = PBXFrameworksBuildPhase;
			buildActionMask = 2147483647;
			files = (
			);
			runOnlyForDeploymentPostprocessing = 0;
		};
/* End PBXFrameworksBuildPhase section */

/* Begin PBXGroup section */
		CFF4F216235F3C090026CB82 = {
			isa = PBXGroup;
			children = (
				CFF4F221235F3C090026CB82 /* WordScramble */,
				CFF4F220235F3C090026CB82 /* Products */,
			);
			sourceTree = "<group>";
		};
		CFF4F220235F3C090026CB82 /* Products */ = {
			isa = PBXGroup;
			children = (
				CFF4F21F235F3C090026CB82 /* WordScramble.app */,
			);
			name = Products;
			sourceTree = "<group>";
		};
		CFF4F221235F3C090026CB82 /* WordScramble */ = {
			isa = PBXGroup;
			children = (
				CFF4F222235F3C090026CB82 /* AppDelegate.swift */,
				CFF4F224235F3C090026CB82 /* SceneDelegate.swift */,
				CFF4F226235F3C090026CB82 /* ContentView.swift */,
				CFF4F228235F3C0B0026CB82 /* Assets.xcassets */,
				CFF4F22D235F3C0B0026CB82 /* LaunchScreen.storyboard */,
				CFF4F230235F3C0B0026CB82 /* Info.plist */,
				CFF4F236235F3C3D0026CB82 /* start.txt */,
				CFF4F22A235F3C0B0026CB82 /* Preview Content */,
			);
			path = WordScramble;
			sourceTree = "<group>";
		};
		CFF4F22A235F3C0B0026CB82 /* Preview Content */ = {
			isa = PBXGroup;
			children = (
				CFF4F22B235F3C0B0026CB82 /* Preview Assets.xcassets */,
			);
			path = "Preview Content";
			sourceTree = "<group>";
		};
/* End PBXGroup section */

/* Begin PBXNativeTarget section */
		CFF4F21E235F3C090026CB82 /* WordScramble */ = {
			isa = PBXNativeTarget;
			buildConfigurationList = CFF4F233235F3C0B0026CB82 /* Build configuration list for PBXNativeTarget "WordScramble" */;
			buildPhases = (
				CFF4F21B235F3C090026CB82 /* Sources */,
				CFF4F21C235F3C090026CB82 /* Frameworks */,
				CFF4F21D235F3C090026CB82 /* Resources */,
			);
			buildRules = (
			);
			dependencies = (
			);
			name = WordScramble;
			productName = WordScramble;
			productReference = CFF4F21F235F3C090026CB82 /* WordScramble.app */;
			productType = "com.apple.product-type.application";
		};
/* End PBXNativeTarget section */

/* Begin PBXProject section */
		CFF4F217235F3C090026CB82 /* Project object */ = {
			isa = PBXProject;
			attributes = {
				LastSwiftUpdateCheck = 1110;
				LastUpgradeCheck = 1110;
				ORGANIZATIONNAME = Buck;
				TargetAttributes = {
					CFF4F21E235F3C090026CB82 = {
						CreatedOnToolsVersion = 11.1;
					};
				};
			};
			buildConfigurationList = CFF4F21A235F3C090026CB82 /* Build configuration list for PBXProject "WordScramble" */;
			compatibilityVersion = "Xcode 9.3";
			developmentRegion = en;
			hasScannedForEncodings = 0;
			knownRegions = (
				en,
				Base,
			);
			mainGroup = CFF4F216235F3C090026CB82;
			productRefGroup = CFF4F220235F3C090026CB82 /* Products */;
			projectDirPath = "";
			projectRoot = "";
			targets = (
				CFF4F21E235F3C090026CB82 /* WordScramble */,
			);
		};
/* End PBXProject section */

/* Begin PBXResourcesBuildPhase section */
		CFF4F21D235F3C090026CB82 /* Resources */ = {
			isa = PBXResourcesBuildPhase;
			buildActionMask = 2147483647;
			files = (
				CFF4F22F235F3C0B0026CB82 /* LaunchScreen.storyboard in Resources */,
				CFF4F237235F3C3D0026CB82 /* start.txt in Resources */,
				CFF4F22C235F3C0B0026CB82 /* Preview Assets.xcassets in Resources */,
				CFF4F229235F3C0B0026CB82 /* Assets.xcassets in Resources */,
			);
			runOnlyForDeploymentPostprocessing = 0;
		};
/* End PBXResourcesBuildPhase section */

/* Begin PBXSourcesBuildPhase section */
		CFF4F21B235F3C090026CB82 /* Sources */ = {
			isa = PBXSourcesBuildPhase;
			buildActionMask = 2147483647;
			files = (
				CFF4F223235F3C090026CB82 /* AppDelegate.swift in Sources */,
				CFF4F225235F3C090026CB82 /* SceneDelegate.swift in Sources */,
				CFF4F227235F3C090026CB82 /* ContentView.swift in Sources */,
			);
			runOnlyForDeploymentPostprocessing = 0;
		};
/* End PBXSourcesBuildPhase section */

/* Begin PBXVariantGroup section */
		CFF4F22D235F3C0B0026CB82 /* LaunchScreen.storyboard */ = {
			isa = PBXVariantGroup;
			children = (
				CFF4F22E235F3C0B0026CB82 /* Base */,
			);
			name = LaunchScreen.storyboard;
			sourceTree = "<group>";
		};
/* End PBXVariantGroup section */

/* Begin XCBuildConfiguration section */
		CFF4F231235F3C0B0026CB82 /* Debug */ = {
			isa = XCBuildConfiguration;
			buildSettings = {
				ALWAYS_SEARCH_USER_PATHS = NO;
				CLANG_ANALYZER_NONNULL = YES;
				CLANG_ANALYZER_NUMBER_OBJECT_CONVERSION = YES_AGGRESSIVE;
				CLANG_CXX_LANGUAGE_STANDARD = "gnu++14";
				CLANG_CXX_LIBRARY = "libc++";
				CLANG_ENABLE_MODULES = YES;
				CLANG_ENABLE_OBJC_ARC = YES;
				CLANG_ENABLE_OBJC_WEAK = YES;
				CLANG_WARN_BLOCK_CAPTURE_AUTORELEASING = YES;
				CLANG_WARN_BOOL_CONVERSION = YES;
				CLANG_WARN_COMMA = YES;
				CLANG_WARN_CONSTANT_CONVERSION = YES;
				CLANG_WARN_DEPRECATED_OBJC_IMPLEMENTATIONS = YES;
				CLANG_WARN_DIRECT_OBJC_ISA_USAGE = YES_ERROR;
				CLANG_WARN_DOCUMENTATION_COMMENTS = YES;
				CLANG_WARN_EMPTY_BODY = YES;
				CLANG_WARN_ENUM_CONVERSION = YES;
				CLANG_WARN_INFINITE_RECURSION = YES;
				CLANG_WARN_INT_CONVERSION = YES;
				CLANG_WARN_NON_LITERAL_NULL_CONVERSION = YES;
				CLANG_WARN_OBJC_IMPLICIT_RETAIN_SELF = YES;
				CLANG_WARN_OBJC_LITERAL_CONVERSION = YES;
				CLANG_WARN_OBJC_ROOT_CLASS = YES_ERROR;
				CLANG_WARN_RANGE_LOOP_ANALYSIS = YES;
				CLANG_WARN_STRICT_PROTOTYPES = YES;
				CLANG_WARN_SUSPICIOUS_MOVE = YES;
				CLANG_WARN_UNGUARDED_AVAILABILITY = YES_AGGRESSIVE;
				CLANG_WARN_UNREACHABLE_CODE = YES;
				CLANG_WARN__DUPLICATE_METHOD_MATCH = YES;
				COPY_PHASE_STRIP = NO;
				DEBUG_INFORMATION_FORMAT = dwarf;
				ENABLE_STRICT_OBJC_MSGSEND = YES;
				ENABLE_TESTABILITY = YES;
				GCC_C_LANGUAGE_STANDARD = gnu11;
				GCC_DYNAMIC_NO_PIC = NO;
				GCC_NO_COMMON_BLOCKS = YES;
				GCC_OPTIMIZATION_LEVEL = 0;
				GCC_PREPROCESSOR_DEFINITIONS = (
					"DEBUG=1",
					"$(inherited)",
				);
				GCC_WARN_64_TO_32_BIT_CONVERSION = YES;
				GCC_WARN_ABOUT_RETURN_TYPE = YES_ERROR;
				GCC_WARN_UNDECLARED_SELECTOR = YES;
				GCC_WARN_UNINITIALIZED_AUTOS = YES_AGGRESSIVE;
				GCC_WARN_UNUSED_FUNCTION = YES;
				GCC_WARN_UNUSED_VARIABLE = YES;
				IPHONEOS_DEPLOYMENT_TARGET = 13.1;
				MTL_ENABLE_DEBUG_INFO = INCLUDE_SOURCE;
				MTL_FAST_MATH = YES;
				ONLY_ACTIVE_ARCH = YES;
				SDKROOT = iphoneos;
				SWIFT_ACTIVE_COMPILATION_CONDITIONS = DEBUG;
				SWIFT_OPTIMIZATION_LEVEL = "-Onone";
			};
			name = Debug;
		};
		CFF4F232235F3C0B0026CB82 /* Release */ = {
			isa = XCBuildConfiguration;
			buildSettings = {
				ALWAYS_SEARCH_USER_PATHS = NO;
				CLANG_ANALYZER_NONNULL = YES;
				CLANG_ANALYZER_NUMBER_OBJECT_CONVERSION = YES_AGGRESSIVE;
				CLANG_CXX_LANGUAGE_STANDARD = "gnu++14";
				CLANG_CXX_LIBRARY = "libc++";
				CLANG_ENABLE_MODULES = YES;
				CLANG_ENABLE_OBJC_ARC = YES;
				CLANG_ENABLE_OBJC_WEAK = YES;
				CLANG_WARN_BLOCK_CAPTURE_AUTORELEASING = YES;
				CLANG_WARN_BOOL_CONVERSION = YES;
				CLANG_WARN_COMMA = YES;
				CLANG_WARN_CONSTANT_CONVERSION = YES;
				CLANG_WARN_DEPRECATED_OBJC_IMPLEMENTATIONS = YES;
				CLANG_WARN_DIRECT_OBJC_ISA_USAGE = YES_ERROR;
				CLANG_WARN_DOCUMENTATION_COMMENTS = YES;
				CLANG_WARN_EMPTY_BODY = YES;
				CLANG_WARN_ENUM_CONVERSION = YES;
				CLANG_WARN_INFINITE_RECURSION = YES;
				CLANG_WARN_INT_CONVERSION = YES;
				CLANG_WARN_NON_LITERAL_NULL_CONVERSION = YES;
				CLANG_WARN_OBJC_IMPLICIT_RETAIN_SELF = YES;
				CLANG_WARN_OBJC_LITERAL_CONVERSION = YES;
				CLANG_WARN_OBJC_ROOT_CLASS = YES_ERROR;
				CLANG_WARN_RANGE_LOOP_ANALYSIS = YES;
				CLANG_WARN_STRICT_PROTOTYPES = YES;
				CLANG_WARN_SUSPICIOUS_MOVE = YES;
				CLANG_WARN_UNGUARDED_AVAILABILITY = YES_AGGRESSIVE;
				CLANG_WARN_UNREACHABLE_CODE = YES;
				CLANG_WARN__DUPLICATE_METHOD_MATCH = YES;
				COPY_PHASE_STRIP = NO;
				DEBUG_INFORMATION_FORMAT = "dwarf-with-dsym";
				ENABLE_NS_ASSERTIONS = NO;
				ENABLE_STRICT_OBJC_MSGSEND = YES;
				GCC_C_LANGUAGE_STANDARD = gnu11;
				GCC_NO_COMMON_BLOCKS = YES;
				GCC_WARN_64_TO_32_BIT_CONVERSION = YES;
				GCC_WARN_ABOUT_RETURN_TYPE = YES_ERROR;
				GCC_WARN_UNDECLARED_SELECTOR = YES;
				GCC_WARN_UNINITIALIZED_AUTOS = YES_AGGRESSIVE;
				GCC_WARN_UNUSED_FUNCTION = YES;
				GCC_WARN_UNUSED_VARIABLE = YES;
				IPHONEOS_DEPLOYMENT_TARGET = 13.1;
				MTL_ENABLE_DEBUG_INFO = NO;
				MTL_FAST_MATH = YES;
				SDKROOT = iphoneos;
				SWIFT_COMPILATION_MODE = wholemodule;
				SWIFT_OPTIMIZATION_LEVEL = "-O";
				VALIDATE_PRODUCT = YES;
			};
			name = Release;
		};
		CFF4F234235F3C0B0026CB82 /* Debug */ = {
			isa = XCBuildConfiguration;
			buildSettings = {
				ASSETCATALOG_COMPILER_APPICON_NAME = AppIcon;
				CODE_SIGN_STYLE = Automatic;
				DEVELOPMENT_ASSET_PATHS = "\"WordScramble/Preview Content\"";
				ENABLE_PREVIEWS = YES;
				INFOPLIST_FILE = WordScramble/Info.plist;
				LD_RUNPATH_SEARCH_PATHS = (
					"$(inherited)",
					"@executable_path/Frameworks",
				);
				PRODUCT_BUNDLE_IDENTIFIER = com.buck.WordScramble;
				PRODUCT_NAME = "$(TARGET_NAME)";
				SWIFT_VERSION = 5.0;
				TARGETED_DEVICE_FAMILY = "1,2";
			};
			name = Debug;
		};
		CFF4F235235F3C0B0026CB82 /* Release */ = {
			isa = XCBuildConfiguration;
			buildSettings = {
				ASSETCATALOG_COMPILER_APPICON_NAME = AppIcon;
				CODE_SIGN_STYLE = Automatic;
				DEVELOPMENT_ASSET_PATHS = "\"WordScramble/Preview Content\"";
				ENABLE_PREVIEWS = YES;
				INFOPLIST_FILE = WordScramble/Info.plist;
				LD_RUNPATH_SEARCH_PATHS = (
					"$(inherited)",
					"@executable_path/Frameworks",
				);
				PRODUCT_BUNDLE_IDENTIFIER = com.buck.WordScramble;
				PRODUCT_NAME = "$(TARGET_NAME)";
				SWIFT_VERSION = 5.0;
				TARGETED_DEVICE_FAMILY = "1,2";
			};
			name = Release;
		};
/* End XCBuildConfiguration section */

/* Begin XCConfigurationList section */
		CFF4F21A235F3C090026CB82 /* Build configuration list for PBXProject "WordScramble" */ = {
			isa = XCConfigurationList;
			buildConfigurations = (
				CFF4F231235F3C0B0026CB82 /* Debug */,
				CFF4F232235F3C0B0026CB82 /* Release */,
			);
			defaultConfigurationIsVisible = 0;
			defaultConfigurationName = Release;
		};
		CFF4F233235F3C0B0026CB82 /* Build configuration list for PBXNativeTarget "WordScramble" */ = {
			isa = XCConfigurationList;
			buildConfigurations = (
				CFF4F234235F3C0B0026CB82 /* Debug */,
				CFF4F235235F3C0B0026CB82 /* Release */,
			);
			defaultConfigurationIsVisible = 0;
			defaultConfigurationName = Release;
		};
/* End XCConfigurationList section */
	};
	rootObject = CFF4F217235F3C090026CB82 /* Project object */;
}
