// !$*UTF8*$!
{
	archiveVersion = 1;
	classes = {
	};
	objectVersion = 50;
	objects = {

/* Begin PBXBuildFile section */
		CFA6E800241CB4CB0040C78A /* AppDelegate.swift in Sources */ = {isa = PBXBuildFile; fileRef = CFA6E7FF241CB4CB0040C78A /* AppDelegate.swift */; };
		CFA6E802241CB4CB0040C78A /* SceneDelegate.swift in Sources */ = {isa = PBXBuildFile; fileRef = CFA6E801241CB4CB0040C78A /* SceneDelegate.swift */; };
		CFA6E804241CB4CB0040C78A /* ContentView.swift in Sources */ = {isa = PBXBuildFile; fileRef = CFA6E803241CB4CB0040C78A /* ContentView.swift */; };
		CFA6E806241CB4CD0040C78A /* Assets.xcassets in Resources */ = {isa = PBXBuildFile; fileRef = CFA6E805241CB4CD0040C78A /* Assets.xcassets */; };
		CFA6E809241CB4CD0040C78A /* Preview Assets.xcassets in Resources */ = {isa = PBXBuildFile; fileRef = CFA6E808241CB4CD0040C78A /* Preview Assets.xcassets */; };
		CFA6E80C241CB4CD0040C78A /* LaunchScreen.storyboard in Resources */ = {isa = PBXBuildFile; fileRef = CFA6E80A241CB4CD0040C78A /* LaunchScreen.storyboard */; };
/* End PBXBuildFile section */

/* Begin PBXFileReference section */
		CFA6E7FC241CB4CB0040C78A /* AccessibilityProject.app */ = {isa = PBXFileReference; explicitFileType = wrapper.application; includeInIndex = 0; path = AccessibilityProject.app; sourceTree = BUILT_PRODUCTS_DIR; };
		CFA6E7FF241CB4CB0040C78A /* AppDelegate.swift */ = {isa = PBXFileReference; lastKnownFileType = sourcecode.swift; path = AppDelegate.swift; sourceTree = "<group>"; };
		CFA6E801241CB4CB0040C78A /* SceneDelegate.swift */ = {isa = PBXFileReference; lastKnownFileType = sourcecode.swift; path = SceneDelegate.swift; sourceTree = "<group>"; };
		CFA6E803241CB4CB0040C78A /* ContentView.swift */ = {isa = PBXFileReference; lastKnownFileType = sourcecode.swift; path = ContentView.swift; sourceTree = "<group>"; };
		CFA6E805241CB4CD0040C78A /* Assets.xcassets */ = {isa = PBXFileReference; lastKnownFileType = folder.assetcatalog; path = Assets.xcassets; sourceTree = "<group>"; };
		CFA6E808241CB4CD0040C78A /* Preview Assets.xcassets */ = {isa = PBXFileReference; lastKnownFileType = folder.assetcatalog; path = "Preview Assets.xcassets"; sourceTree = "<group>"; };
		CFA6E80B241CB4CD0040C78A /* Base */ = {isa = PBXFileReference; lastKnownFileType = file.storyboard; name = Base; path = Base.lproj/LaunchScreen.storyboard; sourceTree = "<group>"; };
		CFA6E80D241CB4CD0040C78A /* Info.plist */ = {isa = PBXFileReference; lastKnownFileType = text.plist.xml; path = Info.plist; sourceTree = "<group>"; };
/* End PBXFileReference section */

/* Begin PBXFrameworksBuildPhase section */
		CFA6E7F9241CB4CB0040C78A /* Frameworks */ = {
			isa = PBXFrameworksBuildPhase;
			buildActionMask = 2147483647;
			files = (
			);
			runOnlyForDeploymentPostprocessing = 0;
		};
/* End PBXFrameworksBuildPhase section */

/* Begin PBXGroup section */
		CFA6E7F3241CB4CB0040C78A = {
			isa = PBXGroup;
			children = (
				CFA6E7FE241CB4CB0040C78A /* AccessibilityProject */,
				CFA6E7FD241CB4CB0040C78A /* Products */,
			);
			sourceTree = "<group>";
		};
		CFA6E7FD241CB4CB0040C78A /* Products */ = {
			isa = PBXGroup;
			children = (
				CFA6E7FC241CB4CB0040C78A /* AccessibilityProject.app */,
			);
			name = Products;
			sourceTree = "<group>";
		};
		CFA6E7FE241CB4CB0040C78A /* AccessibilityProject */ = {
			isa = PBXGroup;
			children = (
				CFA6E7FF241CB4CB0040C78A /* AppDelegate.swift */,
				CFA6E801241CB4CB0040C78A /* SceneDelegate.swift */,
				CFA6E803241CB4CB0040C78A /* ContentView.swift */,
				CFA6E805241CB4CD0040C78A /* Assets.xcassets */,
				CFA6E80A241CB4CD0040C78A /* LaunchScreen.storyboard */,
				CFA6E80D241CB4CD0040C78A /* Info.plist */,
				CFA6E807241CB4CD0040C78A /* Preview Content */,
			);
			path = AccessibilityProject;
			sourceTree = "<group>";
		};
		CFA6E807241CB4CD0040C78A /* Preview Content */ = {
			isa = PBXGroup;
			children = (
				CFA6E808241CB4CD0040C78A /* Preview Assets.xcassets */,
			);
			path = "Preview Content";
			sourceTree = "<group>";
		};
/* End PBXGroup section */

/* Begin PBXNativeTarget section */
		CFA6E7FB241CB4CB0040C78A /* AccessibilityProject */ = {
			isa = PBXNativeTarget;
			buildConfigurationList = CFA6E810241CB4CD0040C78A /* Build configuration list for PBXNativeTarget "AccessibilityProject" */;
			buildPhases = (
				CFA6E7F8241CB4CB0040C78A /* Sources */,
				CFA6E7F9241CB4CB0040C78A /* Frameworks */,
				CFA6E7FA241CB4CB0040C78A /* Resources */,
			);
			buildRules = (
			);
			dependencies = (
			);
			name = AccessibilityProject;
			productName = AccessibilityProject;
			productReference = CFA6E7FC241CB4CB0040C78A /* AccessibilityProject.app */;
			productType = "com.apple.product-type.application";
		};
/* End PBXNativeTarget section */

/* Begin PBXProject section */
		CFA6E7F4241CB4CB0040C78A /* Project object */ = {
			isa = PBXProject;
			attributes = {
				LastSwiftUpdateCheck = 1130;
				LastUpgradeCheck = 1130;
				ORGANIZATIONNAME = Buck;
				TargetAttributes = {
					CFA6E7FB241CB4CB0040C78A = {
						CreatedOnToolsVersion = 11.3.1;
					};
				};
			};
			buildConfigurationList = CFA6E7F7241CB4CB0040C78A /* Build configuration list for PBXProject "AccessibilityProject" */;
			compatibilityVersion = "Xcode 9.3";
			developmentRegion = en;
			hasScannedForEncodings = 0;
			knownRegions = (
				en,
				Base,
			);
			mainGroup = CFA6E7F3241CB4CB0040C78A;
			productRefGroup = CFA6E7FD241CB4CB0040C78A /* Products */;
			projectDirPath = "";
			projectRoot = "";
			targets = (
				CFA6E7FB241CB4CB0040C78A /* AccessibilityProject */,
			);
		};
/* End PBXProject section */

/* Begin PBXResourcesBuildPhase section */
		CFA6E7FA241CB4CB0040C78A /* Resources */ = {
			isa = PBXResourcesBuildPhase;
			buildActionMask = 2147483647;
			files = (
				CFA6E80C241CB4CD0040C78A /* LaunchScreen.storyboard in Resources */,
				CFA6E809241CB4CD0040C78A /* Preview Assets.xcassets in Resources */,
				CFA6E806241CB4CD0040C78A /* Assets.xcassets in Resources */,
			);
			runOnlyForDeploymentPostprocessing = 0;
		};
/* End PBXResourcesBuildPhase section */

/* Begin PBXSourcesBuildPhase section */
		CFA6E7F8241CB4CB0040C78A /* Sources */ = {
			isa = PBXSourcesBuildPhase;
			buildActionMask = 2147483647;
			files = (
				CFA6E800241CB4CB0040C78A /* AppDelegate.swift in Sources */,
				CFA6E802241CB4CB0040C78A /* SceneDelegate.swift in Sources */,
				CFA6E804241CB4CB0040C78A /* ContentView.swift in Sources */,
			);
			runOnlyForDeploymentPostprocessing = 0;
		};
/* End PBXSourcesBuildPhase section */

/* Begin PBXVariantGroup section */
		CFA6E80A241CB4CD0040C78A /* LaunchScreen.storyboard */ = {
			isa = PBXVariantGroup;
			children = (
				CFA6E80B241CB4CD0040C78A /* Base */,
			);
			name = LaunchScreen.storyboard;
			sourceTree = "<group>";
		};
/* End PBXVariantGroup section */

/* Begin XCBuildConfiguration section */
		CFA6E80E241CB4CD0040C78A /* Debug */ = {
			isa = XCBuildConfiguration;
			buildSettings = {
				ALWAYS_SEARCH_USER_PATHS = NO;
				CLANG_ANALYZER_NONNULL = YES;
				CLANG_ANALYZER_NUMBER_OBJECT_CONVERSION = YES_AGGRESSIVE;
				CLANG_CXX_LANGUAGE_STANDARD = "gnu++14";
				CLANG_CXX_LIBRARY = "libc++";
				CLANG_ENABLE_MODULES = YES;
				CLANG_ENABLE_OBJC_ARC = YES;
				CLANG_ENABLE_OBJC_WEAK = YES;
				CLANG_WARN_BLOCK_CAPTURE_AUTORELEASING = YES;
				CLANG_WARN_BOOL_CONVERSION = YES;
				CLANG_WARN_COMMA = YES;
				CLANG_WARN_CONSTANT_CONVERSION = YES;
				CLANG_WARN_DEPRECATED_OBJC_IMPLEMENTATIONS = YES;
				CLANG_WARN_DIRECT_OBJC_ISA_USAGE = YES_ERROR;
				CLANG_WARN_DOCUMENTATION_COMMENTS = YES;
				CLANG_WARN_EMPTY_BODY = YES;
				CLANG_WARN_ENUM_CONVERSION = YES;
				CLANG_WARN_INFINITE_RECURSION = YES;
				CLANG_WARN_INT_CONVERSION = YES;
				CLANG_WARN_NON_LITERAL_NULL_CONVERSION = YES;
				CLANG_WARN_OBJC_IMPLICIT_RETAIN_SELF = YES;
				CLANG_WARN_OBJC_LITERAL_CONVERSION = YES;
				CLANG_WARN_OBJC_ROOT_CLASS = YES_ERROR;
				CLANG_WARN_RANGE_LOOP_ANALYSIS = YES;
				CLANG_WARN_STRICT_PROTOTYPES = YES;
				CLANG_WARN_SUSPICIOUS_MOVE = YES;
				CLANG_WARN_UNGUARDED_AVAILABILITY = YES_AGGRESSIVE;
				CLANG_WARN_UNREACHABLE_CODE = YES;
				CLANG_WARN__DUPLICATE_METHOD_MATCH = YES;
				COPY_PHASE_STRIP = NO;
				DEBUG_INFORMATION_FORMAT = dwarf;
				ENABLE_STRICT_OBJC_MSGSEND = YES;
				ENABLE_TESTABILITY = YES;
				GCC_C_LANGUAGE_STANDARD = gnu11;
				GCC_DYNAMIC_NO_PIC = NO;
				GCC_NO_COMMON_BLOCKS = YES;
				GCC_OPTIMIZATION_LEVEL = 0;
				GCC_PREPROCESSOR_DEFINITIONS = (
					"DEBUG=1",
					"$(inherited)",
				);
				GCC_WARN_64_TO_32_BIT_CONVERSION = YES;
				GCC_WARN_ABOUT_RETURN_TYPE = YES_ERROR;
				GCC_WARN_UNDECLARED_SELECTOR = YES;
				GCC_WARN_UNINITIALIZED_AUTOS = YES_AGGRESSIVE;
				GCC_WARN_UNUSED_FUNCTION = YES;
				GCC_WARN_UNUSED_VARIABLE = YES;
				IPHONEOS_DEPLOYMENT_TARGET = 13.2;
				MTL_ENABLE_DEBUG_INFO = INCLUDE_SOURCE;
				MTL_FAST_MATH = YES;
				ONLY_ACTIVE_ARCH = YES;
				SDKROOT = iphoneos;
				SWIFT_ACTIVE_COMPILATION_CONDITIONS = DEBUG;
				SWIFT_OPTIMIZATION_LEVEL = "-Onone";
			};
			name = Debug;
		};
		CFA6E80F241CB4CD0040C78A /* Release */ = {
			isa = XCBuildConfiguration;
			buildSettings = {
				ALWAYS_SEARCH_USER_PATHS = NO;
				CLANG_ANALYZER_NONNULL = YES;
				CLANG_ANALYZER_NUMBER_OBJECT_CONVERSION = YES_AGGRESSIVE;
				CLANG_CXX_LANGUAGE_STANDARD = "gnu++14";
				CLANG_CXX_LIBRARY = "libc++";
				CLANG_ENABLE_MODULES = YES;
				CLANG_ENABLE_OBJC_ARC = YES;
				CLANG_ENABLE_OBJC_WEAK = YES;
				CLANG_WARN_BLOCK_CAPTURE_AUTORELEASING = YES;
				CLANG_WARN_BOOL_CONVERSION = YES;
				CLANG_WARN_COMMA = YES;
				CLANG_WARN_CONSTANT_CONVERSION = YES;
				CLANG_WARN_DEPRECATED_OBJC_IMPLEMENTATIONS = YES;
				CLANG_WARN_DIRECT_OBJC_ISA_USAGE = YES_ERROR;
				CLANG_WARN_DOCUMENTATION_COMMENTS = YES;
				CLANG_WARN_EMPTY_BODY = YES;
				CLANG_WARN_ENUM_CONVERSION = YES;
				CLANG_WARN_INFINITE_RECURSION = YES;
				CLANG_WARN_INT_CONVERSION = YES;
				CLANG_WARN_NON_LITERAL_NULL_CONVERSION = YES;
				CLANG_WARN_OBJC_IMPLICIT_RETAIN_SELF = YES;
				CLANG_WARN_OBJC_LITERAL_CONVERSION = YES;
				CLANG_WARN_OBJC_ROOT_CLASS = YES_ERROR;
				CLANG_WARN_RANGE_LOOP_ANALYSIS = YES;
				CLANG_WARN_STRICT_PROTOTYPES = YES;
				CLANG_WARN_SUSPICIOUS_MOVE = YES;
				CLANG_WARN_UNGUARDED_AVAILABILITY = YES_AGGRESSIVE;
				CLANG_WARN_UNREACHABLE_CODE = YES;
				CLANG_WARN__DUPLICATE_METHOD_MATCH = YES;
				COPY_PHASE_STRIP = NO;
				DEBUG_INFORMATION_FORMAT = "dwarf-with-dsym";
				ENABLE_NS_ASSERTIONS = NO;
				ENABLE_STRICT_OBJC_MSGSEND = YES;
				GCC_C_LANGUAGE_STANDARD = gnu11;
				GCC_NO_COMMON_BLOCKS = YES;
				GCC_WARN_64_TO_32_BIT_CONVERSION = YES;
				GCC_WARN_ABOUT_RETURN_TYPE = YES_ERROR;
				GCC_WARN_UNDECLARED_SELECTOR = YES;
				GCC_WARN_UNINITIALIZED_AUTOS = YES_AGGRESSIVE;
				GCC_WARN_UNUSED_FUNCTION = YES;
				GCC_WARN_UNUSED_VARIABLE = YES;
				IPHONEOS_DEPLOYMENT_TARGET = 13.2;
				MTL_ENABLE_DEBUG_INFO = NO;
				MTL_FAST_MATH = YES;
				SDKROOT = iphoneos;
				SWIFT_COMPILATION_MODE = wholemodule;
				SWIFT_OPTIMIZATION_LEVEL = "-O";
				VALIDATE_PRODUCT = YES;
			};
			name = Release;
		};
		CFA6E811241CB4CD0040C78A /* Debug */ = {
			isa = XCBuildConfiguration;
			buildSettings = {
				ASSETCATALOG_COMPILER_APPICON_NAME = AppIcon;
				CODE_SIGN_STYLE = Automatic;
				DEVELOPMENT_ASSET_PATHS = "\"AccessibilityProject/Preview Content\"";
				ENABLE_PREVIEWS = YES;
				INFOPLIST_FILE = AccessibilityProject/Info.plist;
				LD_RUNPATH_SEARCH_PATHS = (
					"$(inherited)",
					"@executable_path/Frameworks",
				);
				PRODUCT_BUNDLE_IDENTIFIER = com.buck.AccessibilityProject;
				PRODUCT_NAME = "$(TARGET_NAME)";
				SWIFT_VERSION = 5.0;
				TARGETED_DEVICE_FAMILY = "1,2";
			};
			name = Debug;
		};
		CFA6E812241CB4CD0040C78A /* Release */ = {
			isa = XCBuildConfiguration;
			buildSettings = {
				ASSETCATALOG_COMPILER_APPICON_NAME = AppIcon;
				CODE_SIGN_STYLE = Automatic;
				DEVELOPMENT_ASSET_PATHS = "\"AccessibilityProject/Preview Content\"";
				ENABLE_PREVIEWS = YES;
				INFOPLIST_FILE = AccessibilityProject/Info.plist;
				LD_RUNPATH_SEARCH_PATHS = (
					"$(inherited)",
					"@executable_path/Frameworks",
				);
				PRODUCT_BUNDLE_IDENTIFIER = com.buck.AccessibilityProject;
				PRODUCT_NAME = "$(TARGET_NAME)";
				SWIFT_VERSION = 5.0;
				TARGETED_DEVICE_FAMILY = "1,2";
			};
			name = Release;
		};
/* End XCBuildConfiguration section */

/* Begin XCConfigurationList section */
		CFA6E7F7241CB4CB0040C78A /* Build configuration list for PBXProject "AccessibilityProject" */ = {
			isa = XCConfigurationList;
			buildConfigurations = (
				CFA6E80E241CB4CD0040C78A /* Debug */,
				CFA6E80F241CB4CD0040C78A /* Release */,
			);
			defaultConfigurationIsVisible = 0;
			defaultConfigurationName = Release;
		};
		CFA6E810241CB4CD0040C78A /* Build configuration list for PBXNativeTarget "AccessibilityProject" */ = {
			isa = XCConfigurationList;
			buildConfigurations = (
				CFA6E811241CB4CD0040C78A /* Debug */,
				CFA6E812241CB4CD0040C78A /* Release */,
			);
			defaultConfigurationIsVisible = 0;
			defaultConfigurationName = Release;
		};
/* End XCConfigurationList section */
	};
	rootObject = CFA6E7F4241CB4CB0040C78A /* Project object */;
}
