// !$*UTF8*$!
{
	archiveVersion = 1;
	classes = {
	};
	objectVersion = 50;
	objects = {

/* Begin PBXBuildFile section */
		CFEAE6B223EAAE8B00A052A7 /* AppDelegate.swift in Sources */ = {isa = PBXBuildFile; fileRef = CFEAE6B123EAAE8B00A052A7 /* AppDelegate.swift */; };
		CFEAE6B423EAAE8B00A052A7 /* SceneDelegate.swift in Sources */ = {isa = PBXBuildFile; fileRef = CFEAE6B323EAAE8B00A052A7 /* SceneDelegate.swift */; };
		CFEAE6B623EAAE8B00A052A7 /* ContentView.swift in Sources */ = {isa = PBXBuildFile; fileRef = CFEAE6B523EAAE8B00A052A7 /* ContentView.swift */; };
		CFEAE6B823EAAE9300A052A7 /* Assets.xcassets in Resources */ = {isa = PBXBuildFile; fileRef = CFEAE6B723EAAE9300A052A7 /* Assets.xcassets */; };
		CFEAE6BB23EAAE9300A052A7 /* Preview Assets.xcassets in Resources */ = {isa = PBXBuildFile; fileRef = CFEAE6BA23EAAE9300A052A7 /* Preview Assets.xcassets */; };
		CFEAE6BE23EAAE9300A052A7 /* LaunchScreen.storyboard in Resources */ = {isa = PBXBuildFile; fileRef = CFEAE6BC23EAAE9300A052A7 /* LaunchScreen.storyboard */; };
/* End PBXBuildFile section */

/* Begin PBXFileReference section */
		CFEAE6AE23EAAE8B00A052A7 /* MathWiz.app */ = {isa = PBXFileReference; explicitFileType = wrapper.application; includeInIndex = 0; path = MathWiz.app; sourceTree = BUILT_PRODUCTS_DIR; };
		CFEAE6B123EAAE8B00A052A7 /* AppDelegate.swift */ = {isa = PBXFileReference; lastKnownFileType = sourcecode.swift; path = AppDelegate.swift; sourceTree = "<group>"; };
		CFEAE6B323EAAE8B00A052A7 /* SceneDelegate.swift */ = {isa = PBXFileReference; lastKnownFileType = sourcecode.swift; path = SceneDelegate.swift; sourceTree = "<group>"; };
		CFEAE6B523EAAE8B00A052A7 /* ContentView.swift */ = {isa = PBXFileReference; lastKnownFileType = sourcecode.swift; path = ContentView.swift; sourceTree = "<group>"; };
		CFEAE6B723EAAE9300A052A7 /* Assets.xcassets */ = {isa = PBXFileReference; lastKnownFileType = folder.assetcatalog; path = Assets.xcassets; sourceTree = "<group>"; };
		CFEAE6BA23EAAE9300A052A7 /* Preview Assets.xcassets */ = {isa = PBXFileReference; lastKnownFileType = folder.assetcatalog; path = "Preview Assets.xcassets"; sourceTree = "<group>"; };
		CFEAE6BD23EAAE9300A052A7 /* Base */ = {isa = PBXFileReference; lastKnownFileType = file.storyboard; name = Base; path = Base.lproj/LaunchScreen.storyboard; sourceTree = "<group>"; };
		CFEAE6BF23EAAE9300A052A7 /* Info.plist */ = {isa = PBXFileReference; lastKnownFileType = text.plist.xml; path = Info.plist; sourceTree = "<group>"; };
/* End PBXFileReference section */

/* Begin PBXFrameworksBuildPhase section */
		CFEAE6AB23EAAE8B00A052A7 /* Frameworks */ = {
			isa = PBXFrameworksBuildPhase;
			buildActionMask = 2147483647;
			files = (
			);
			runOnlyForDeploymentPostprocessing = 0;
		};
/* End PBXFrameworksBuildPhase section */

/* Begin PBXGroup section */
		CFEAE6A523EAAE8B00A052A7 = {
			isa = PBXGroup;
			children = (
				CFEAE6B023EAAE8B00A052A7 /* MathWiz */,
				CFEAE6AF23EAAE8B00A052A7 /* Products */,
			);
			sourceTree = "<group>";
		};
		CFEAE6AF23EAAE8B00A052A7 /* Products */ = {
			isa = PBXGroup;
			children = (
				CFEAE6AE23EAAE8B00A052A7 /* MathWiz.app */,
			);
			name = Products;
			sourceTree = "<group>";
		};
		CFEAE6B023EAAE8B00A052A7 /* MathWiz */ = {
			isa = PBXGroup;
			children = (
				CFEAE6B123EAAE8B00A052A7 /* AppDelegate.swift */,
				CFEAE6B323EAAE8B00A052A7 /* SceneDelegate.swift */,
				CFEAE6B523EAAE8B00A052A7 /* ContentView.swift */,
				CFEAE6B723EAAE9300A052A7 /* Assets.xcassets */,
				CFEAE6BC23EAAE9300A052A7 /* LaunchScreen.storyboard */,
				CFEAE6BF23EAAE9300A052A7 /* Info.plist */,
				CFEAE6B923EAAE9300A052A7 /* Preview Content */,
			);
			path = MathWiz;
			sourceTree = "<group>";
		};
		CFEAE6B923EAAE9300A052A7 /* Preview Content */ = {
			isa = PBXGroup;
			children = (
				CFEAE6BA23EAAE9300A052A7 /* Preview Assets.xcassets */,
			);
			path = "Preview Content";
			sourceTree = "<group>";
		};
/* End PBXGroup section */

/* Begin PBXNativeTarget section */
		CFEAE6AD23EAAE8B00A052A7 /* MathWiz */ = {
			isa = PBXNativeTarget;
			buildConfigurationList = CFEAE6C223EAAE9300A052A7 /* Build configuration list for PBXNativeTarget "MathWiz" */;
			buildPhases = (
				CFEAE6AA23EAAE8B00A052A7 /* Sources */,
				CFEAE6AB23EAAE8B00A052A7 /* Frameworks */,
				CFEAE6AC23EAAE8B00A052A7 /* Resources */,
			);
			buildRules = (
			);
			dependencies = (
			);
			name = MathWiz;
			productName = MathWiz;
			productReference = CFEAE6AE23EAAE8B00A052A7 /* MathWiz.app */;
			productType = "com.apple.product-type.application";
		};
/* End PBXNativeTarget section */

/* Begin PBXProject section */
		CFEAE6A623EAAE8B00A052A7 /* Project object */ = {
			isa = PBXProject;
			attributes = {
				LastSwiftUpdateCheck = 1130;
				LastUpgradeCheck = 1130;
				ORGANIZATIONNAME = Buck;
				TargetAttributes = {
					CFEAE6AD23EAAE8B00A052A7 = {
						CreatedOnToolsVersion = 11.3.1;
					};
				};
			};
			buildConfigurationList = CFEAE6A923EAAE8B00A052A7 /* Build configuration list for PBXProject "MathWiz" */;
			compatibilityVersion = "Xcode 9.3";
			developmentRegion = en;
			hasScannedForEncodings = 0;
			knownRegions = (
				en,
				Base,
			);
			mainGroup = CFEAE6A523EAAE8B00A052A7;
			productRefGroup = CFEAE6AF23EAAE8B00A052A7 /* Products */;
			projectDirPath = "";
			projectRoot = "";
			targets = (
				CFEAE6AD23EAAE8B00A052A7 /* MathWiz */,
			);
		};
/* End PBXProject section */

/* Begin PBXResourcesBuildPhase section */
		CFEAE6AC23EAAE8B00A052A7 /* Resources */ = {
			isa = PBXResourcesBuildPhase;
			buildActionMask = 2147483647;
			files = (
				CFEAE6BE23EAAE9300A052A7 /* LaunchScreen.storyboard in Resources */,
				CFEAE6BB23EAAE9300A052A7 /* Preview Assets.xcassets in Resources */,
				CFEAE6B823EAAE9300A052A7 /* Assets.xcassets in Resources */,
			);
			runOnlyForDeploymentPostprocessing = 0;
		};
/* End PBXResourcesBuildPhase section */

/* Begin PBXSourcesBuildPhase section */
		CFEAE6AA23EAAE8B00A052A7 /* Sources */ = {
			isa = PBXSourcesBuildPhase;
			buildActionMask = 2147483647;
			files = (
				CFEAE6B223EAAE8B00A052A7 /* AppDelegate.swift in Sources */,
				CFEAE6B423EAAE8B00A052A7 /* SceneDelegate.swift in Sources */,
				CFEAE6B623EAAE8B00A052A7 /* ContentView.swift in Sources */,
			);
			runOnlyForDeploymentPostprocessing = 0;
		};
/* End PBXSourcesBuildPhase section */

/* Begin PBXVariantGroup section */
		CFEAE6BC23EAAE9300A052A7 /* LaunchScreen.storyboard */ = {
			isa = PBXVariantGroup;
			children = (
				CFEAE6BD23EAAE9300A052A7 /* Base */,
			);
			name = LaunchScreen.storyboard;
			sourceTree = "<group>";
		};
/* End PBXVariantGroup section */

/* Begin XCBuildConfiguration section */
		CFEAE6C023EAAE9300A052A7 /* Debug */ = {
			isa = XCBuildConfiguration;
			buildSettings = {
				ALWAYS_SEARCH_USER_PATHS = NO;
				CLANG_ANALYZER_NONNULL = YES;
				CLANG_ANALYZER_NUMBER_OBJECT_CONVERSION = YES_AGGRESSIVE;
				CLANG_CXX_LANGUAGE_STANDARD = "gnu++14";
				CLANG_CXX_LIBRARY = "libc++";
				CLANG_ENABLE_MODULES = YES;
				CLANG_ENABLE_OBJC_ARC = YES;
				CLANG_ENABLE_OBJC_WEAK = YES;
				CLANG_WARN_BLOCK_CAPTURE_AUTORELEASING = YES;
				CLANG_WARN_BOOL_CONVERSION = YES;
				CLANG_WARN_COMMA = YES;
				CLANG_WARN_CONSTANT_CONVERSION = YES;
				CLANG_WARN_DEPRECATED_OBJC_IMPLEMENTATIONS = YES;
				CLANG_WARN_DIRECT_OBJC_ISA_USAGE = YES_ERROR;
				CLANG_WARN_DOCUMENTATION_COMMENTS = YES;
				CLANG_WARN_EMPTY_BODY = YES;
				CLANG_WARN_ENUM_CONVERSION = YES;
				CLANG_WARN_INFINITE_RECURSION = YES;
				CLANG_WARN_INT_CONVERSION = YES;
				CLANG_WARN_NON_LITERAL_NULL_CONVERSION = YES;
				CLANG_WARN_OBJC_IMPLICIT_RETAIN_SELF = YES;
				CLANG_WARN_OBJC_LITERAL_CONVERSION = YES;
				CLANG_WARN_OBJC_ROOT_CLASS = YES_ERROR;
				CLANG_WARN_RANGE_LOOP_ANALYSIS = YES;
				CLANG_WARN_STRICT_PROTOTYPES = YES;
				CLANG_WARN_SUSPICIOUS_MOVE = YES;
				CLANG_WARN_UNGUARDED_AVAILABILITY = YES_AGGRESSIVE;
				CLANG_WARN_UNREACHABLE_CODE = YES;
				CLANG_WARN__DUPLICATE_METHOD_MATCH = YES;
				COPY_PHASE_STRIP = NO;
				DEBUG_INFORMATION_FORMAT = dwarf;
				ENABLE_STRICT_OBJC_MSGSEND = YES;
				ENABLE_TESTABILITY = YES;
				GCC_C_LANGUAGE_STANDARD = gnu11;
				GCC_DYNAMIC_NO_PIC = NO;
				GCC_NO_COMMON_BLOCKS = YES;
				GCC_OPTIMIZATION_LEVEL = 0;
				GCC_PREPROCESSOR_DEFINITIONS = (
					"DEBUG=1",
					"$(inherited)",
				);
				GCC_WARN_64_TO_32_BIT_CONVERSION = YES;
				GCC_WARN_ABOUT_RETURN_TYPE = YES_ERROR;
				GCC_WARN_UNDECLARED_SELECTOR = YES;
				GCC_WARN_UNINITIALIZED_AUTOS = YES_AGGRESSIVE;
				GCC_WARN_UNUSED_FUNCTION = YES;
				GCC_WARN_UNUSED_VARIABLE = YES;
				IPHONEOS_DEPLOYMENT_TARGET = 13.2;
				MTL_ENABLE_DEBUG_INFO = INCLUDE_SOURCE;
				MTL_FAST_MATH = YES;
				ONLY_ACTIVE_ARCH = YES;
				SDKROOT = iphoneos;
				SWIFT_ACTIVE_COMPILATION_CONDITIONS = DEBUG;
				SWIFT_OPTIMIZATION_LEVEL = "-Onone";
			};
			name = Debug;
		};
		CFEAE6C123EAAE9300A052A7 /* Release */ = {
			isa = XCBuildConfiguration;
			buildSettings = {
				ALWAYS_SEARCH_USER_PATHS = NO;
				CLANG_ANALYZER_NONNULL = YES;
				CLANG_ANALYZER_NUMBER_OBJECT_CONVERSION = YES_AGGRESSIVE;
				CLANG_CXX_LANGUAGE_STANDARD = "gnu++14";
				CLANG_CXX_LIBRARY = "libc++";
				CLANG_ENABLE_MODULES = YES;
				CLANG_ENABLE_OBJC_ARC = YES;
				CLANG_ENABLE_OBJC_WEAK = YES;
				CLANG_WARN_BLOCK_CAPTURE_AUTORELEASING = YES;
				CLANG_WARN_BOOL_CONVERSION = YES;
				CLANG_WARN_COMMA = YES;
				CLANG_WARN_CONSTANT_CONVERSION = YES;
				CLANG_WARN_DEPRECATED_OBJC_IMPLEMENTATIONS = YES;
				CLANG_WARN_DIRECT_OBJC_ISA_USAGE = YES_ERROR;
				CLANG_WARN_DOCUMENTATION_COMMENTS = YES;
				CLANG_WARN_EMPTY_BODY = YES;
				CLANG_WARN_ENUM_CONVERSION = YES;
				CLANG_WARN_INFINITE_RECURSION = YES;
				CLANG_WARN_INT_CONVERSION = YES;
				CLANG_WARN_NON_LITERAL_NULL_CONVERSION = YES;
				CLANG_WARN_OBJC_IMPLICIT_RETAIN_SELF = YES;
				CLANG_WARN_OBJC_LITERAL_CONVERSION = YES;
				CLANG_WARN_OBJC_ROOT_CLASS = YES_ERROR;
				CLANG_WARN_RANGE_LOOP_ANALYSIS = YES;
				CLANG_WARN_STRICT_PROTOTYPES = YES;
				CLANG_WARN_SUSPICIOUS_MOVE = YES;
				CLANG_WARN_UNGUARDED_AVAILABILITY = YES_AGGRESSIVE;
				CLANG_WARN_UNREACHABLE_CODE = YES;
				CLANG_WARN__DUPLICATE_METHOD_MATCH = YES;
				COPY_PHASE_STRIP = NO;
				DEBUG_INFORMATION_FORMAT = "dwarf-with-dsym";
				ENABLE_NS_ASSERTIONS = NO;
				ENABLE_STRICT_OBJC_MSGSEND = YES;
				GCC_C_LANGUAGE_STANDARD = gnu11;
				GCC_NO_COMMON_BLOCKS = YES;
				GCC_WARN_64_TO_32_BIT_CONVERSION = YES;
				GCC_WARN_ABOUT_RETURN_TYPE = YES_ERROR;
				GCC_WARN_UNDECLARED_SELECTOR = YES;
				GCC_WARN_UNINITIALIZED_AUTOS = YES_AGGRESSIVE;
				GCC_WARN_UNUSED_FUNCTION = YES;
				GCC_WARN_UNUSED_VARIABLE = YES;
				IPHONEOS_DEPLOYMENT_TARGET = 13.2;
				MTL_ENABLE_DEBUG_INFO = NO;
				MTL_FAST_MATH = YES;
				SDKROOT = iphoneos;
				SWIFT_COMPILATION_MODE = wholemodule;
				SWIFT_OPTIMIZATION_LEVEL = "-O";
				VALIDATE_PRODUCT = YES;
			};
			name = Release;
		};
		CFEAE6C323EAAE9300A052A7 /* Debug */ = {
			isa = XCBuildConfiguration;
			buildSettings = {
				ASSETCATALOG_COMPILER_APPICON_NAME = AppIcon;
				CODE_SIGN_STYLE = Automatic;
				DEVELOPMENT_ASSET_PATHS = "\"MathWiz/Preview Content\"";
				ENABLE_PREVIEWS = YES;
				INFOPLIST_FILE = MathWiz/Info.plist;
				LD_RUNPATH_SEARCH_PATHS = (
					"$(inherited)",
					"@executable_path/Frameworks",
				);
				PRODUCT_BUNDLE_IDENTIFIER = com.buck.MathWiz;
				PRODUCT_NAME = "$(TARGET_NAME)";
				SWIFT_VERSION = 5.0;
				TARGETED_DEVICE_FAMILY = "1,2";
			};
			name = Debug;
		};
		CFEAE6C423EAAE9300A052A7 /* Release */ = {
			isa = XCBuildConfiguration;
			buildSettings = {
				ASSETCATALOG_COMPILER_APPICON_NAME = AppIcon;
				CODE_SIGN_STYLE = Automatic;
				DEVELOPMENT_ASSET_PATHS = "\"MathWiz/Preview Content\"";
				ENABLE_PREVIEWS = YES;
				INFOPLIST_FILE = MathWiz/Info.plist;
				LD_RUNPATH_SEARCH_PATHS = (
					"$(inherited)",
					"@executable_path/Frameworks",
				);
				PRODUCT_BUNDLE_IDENTIFIER = com.buck.MathWiz;
				PRODUCT_NAME = "$(TARGET_NAME)";
				SWIFT_VERSION = 5.0;
				TARGETED_DEVICE_FAMILY = "1,2";
			};
			name = Release;
		};
/* End XCBuildConfiguration section */

/* Begin XCConfigurationList section */
		CFEAE6A923EAAE8B00A052A7 /* Build configuration list for PBXProject "MathWiz" */ = {
			isa = XCConfigurationList;
			buildConfigurations = (
				CFEAE6C023EAAE9300A052A7 /* Debug */,
				CFEAE6C123EAAE9300A052A7 /* Release */,
			);
			defaultConfigurationIsVisible = 0;
			defaultConfigurationName = Release;
		};
		CFEAE6C223EAAE9300A052A7 /* Build configuration list for PBXNativeTarget "MathWiz" */ = {
			isa = XCConfigurationList;
			buildConfigurations = (
				CFEAE6C323EAAE9300A052A7 /* Debug */,
				CFEAE6C423EAAE9300A052A7 /* Release */,
			);
			defaultConfigurationIsVisible = 0;
			defaultConfigurationName = Release;
		};
/* End XCConfigurationList section */
	};
	rootObject = CFEAE6A623EAAE8B00A052A7 /* Project object */;
}
