// !$*UTF8*$!
{
	archiveVersion = 1;
	classes = {
	};
	objectVersion = 50;
	objects = {

/* Begin PBXBuildFile section */
		CF11008A241781FE00930CC5 /* BlockView.swift in Sources */ = {isa = PBXBuildFile; fileRef = CF110089241781FE00930CC5 /* BlockView.swift */; };
		CF25E9F623F9BE76000DEEAB /* AppDelegate.swift in Sources */ = {isa = PBXBuildFile; fileRef = CF25E9F523F9BE76000DEEAB /* AppDelegate.swift */; };
		CF25E9F823F9BE76000DEEAB /* SceneDelegate.swift in Sources */ = {isa = PBXBuildFile; fileRef = CF25E9F723F9BE76000DEEAB /* SceneDelegate.swift */; };
		CF25E9FA23F9BE76000DEEAB /* ContentView.swift in Sources */ = {isa = PBXBuildFile; fileRef = CF25E9F923F9BE76000DEEAB /* ContentView.swift */; };
		CF25E9FC23F9BE78000DEEAB /* Assets.xcassets in Resources */ = {isa = PBXBuildFile; fileRef = CF25E9FB23F9BE78000DEEAB /* Assets.xcassets */; };
		CF25E9FF23F9BE78000DEEAB /* Preview Assets.xcassets in Resources */ = {isa = PBXBuildFile; fileRef = CF25E9FE23F9BE78000DEEAB /* Preview Assets.xcassets */; };
		CF25EA0223F9BE78000DEEAB /* LaunchScreen.storyboard in Resources */ = {isa = PBXBuildFile; fileRef = CF25EA0023F9BE78000DEEAB /* LaunchScreen.storyboard */; };
		CFD095852417C3D50055314B /* ButtonView.swift in Sources */ = {isa = PBXBuildFile; fileRef = CFD095842417C3D50055314B /* ButtonView.swift */; };
		CFD50F47241761A10018B367 /* HabitInfo.swift in Sources */ = {isa = PBXBuildFile; fileRef = CFD50F46241761A10018B367 /* HabitInfo.swift */; };
		CFD50F492417633E0018B367 /* AddHabitView.swift in Sources */ = {isa = PBXBuildFile; fileRef = CFD50F482417633E0018B367 /* AddHabitView.swift */; };
		CFD50F4B24176B780018B367 /* HabitView.swift in Sources */ = {isa = PBXBuildFile; fileRef = CFD50F4A24176B780018B367 /* HabitView.swift */; };
/* End PBXBuildFile section */

/* Begin PBXFileReference section */
		CF110089241781FE00930CC5 /* BlockView.swift */ = {isa = PBXFileReference; lastKnownFileType = sourcecode.swift; path = BlockView.swift; sourceTree = "<group>"; };
		CF25E9F223F9BE76000DEEAB /* Habits.app */ = {isa = PBXFileReference; explicitFileType = wrapper.application; includeInIndex = 0; path = Habits.app; sourceTree = BUILT_PRODUCTS_DIR; };
		CF25E9F523F9BE76000DEEAB /* AppDelegate.swift */ = {isa = PBXFileReference; lastKnownFileType = sourcecode.swift; path = AppDelegate.swift; sourceTree = "<group>"; };
		CF25E9F723F9BE76000DEEAB /* SceneDelegate.swift */ = {isa = PBXFileReference; lastKnownFileType = sourcecode.swift; path = SceneDelegate.swift; sourceTree = "<group>"; };
		CF25E9F923F9BE76000DEEAB /* ContentView.swift */ = {isa = PBXFileReference; lastKnownFileType = sourcecode.swift; path = ContentView.swift; sourceTree = "<group>"; };
		CF25E9FB23F9BE78000DEEAB /* Assets.xcassets */ = {isa = PBXFileReference; lastKnownFileType = folder.assetcatalog; path = Assets.xcassets; sourceTree = "<group>"; };
		CF25E9FE23F9BE78000DEEAB /* Preview Assets.xcassets */ = {isa = PBXFileReference; lastKnownFileType = folder.assetcatalog; path = "Preview Assets.xcassets"; sourceTree = "<group>"; };
		CF25EA0123F9BE78000DEEAB /* Base */ = {isa = PBXFileReference; lastKnownFileType = file.storyboard; name = Base; path = Base.lproj/LaunchScreen.storyboard; sourceTree = "<group>"; };
		CF25EA0323F9BE78000DEEAB /* Info.plist */ = {isa = PBXFileReference; lastKnownFileType = text.plist.xml; path = Info.plist; sourceTree = "<group>"; };
		CFD095842417C3D50055314B /* ButtonView.swift */ = {isa = PBXFileReference; lastKnownFileType = sourcecode.swift; path = ButtonView.swift; sourceTree = "<group>"; };
		CFD50F46241761A10018B367 /* HabitInfo.swift */ = {isa = PBXFileReference; lastKnownFileType = sourcecode.swift; path = HabitInfo.swift; sourceTree = SOURCE_ROOT; };
		CFD50F482417633E0018B367 /* AddHabitView.swift */ = {isa = PBXFileReference; lastKnownFileType = sourcecode.swift; path = AddHabitView.swift; sourceTree = "<group>"; };
		CFD50F4A24176B780018B367 /* HabitView.swift */ = {isa = PBXFileReference; lastKnownFileType = sourcecode.swift; path = HabitView.swift; sourceTree = "<group>"; };
/* End PBXFileReference section */

/* Begin PBXFrameworksBuildPhase section */
		CF25E9EF23F9BE76000DEEAB /* Frameworks */ = {
			isa = PBXFrameworksBuildPhase;
			buildActionMask = 2147483647;
			files = (
			);
			runOnlyForDeploymentPostprocessing = 0;
		};
/* End PBXFrameworksBuildPhase section */

/* Begin PBXGroup section */
		CF25E9E923F9BE76000DEEAB = {
			isa = PBXGroup;
			children = (
				CF25E9F423F9BE76000DEEAB /* Habits */,
				CF25E9F323F9BE76000DEEAB /* Products */,
			);
			sourceTree = "<group>";
		};
		CF25E9F323F9BE76000DEEAB /* Products */ = {
			isa = PBXGroup;
			children = (
				CF25E9F223F9BE76000DEEAB /* Habits.app */,
			);
			name = Products;
			sourceTree = "<group>";
		};
		CF25E9F423F9BE76000DEEAB /* Habits */ = {
			isa = PBXGroup;
			children = (
				CFD50F46241761A10018B367 /* HabitInfo.swift */,
				CFD50F482417633E0018B367 /* AddHabitView.swift */,
				CF110089241781FE00930CC5 /* BlockView.swift */,
				CF25E9F523F9BE76000DEEAB /* AppDelegate.swift */,
				CF25E9F723F9BE76000DEEAB /* SceneDelegate.swift */,
				CF25E9F923F9BE76000DEEAB /* ContentView.swift */,
				CFD50F4A24176B780018B367 /* HabitView.swift */,
				CFD095842417C3D50055314B /* ButtonView.swift */,
				CF25E9FB23F9BE78000DEEAB /* Assets.xcassets */,
				CF25EA0023F9BE78000DEEAB /* LaunchScreen.storyboard */,
				CF25EA0323F9BE78000DEEAB /* Info.plist */,
				CF25E9FD23F9BE78000DEEAB /* Preview Content */,
			);
			path = Habits;
			sourceTree = "<group>";
		};
		CF25E9FD23F9BE78000DEEAB /* Preview Content */ = {
			isa = PBXGroup;
			children = (
				CF25E9FE23F9BE78000DEEAB /* Preview Assets.xcassets */,
			);
			path = "Preview Content";
			sourceTree = "<group>";
		};
/* End PBXGroup section */

/* Begin PBXNativeTarget section */
		CF25E9F123F9BE76000DEEAB /* Habits */ = {
			isa = PBXNativeTarget;
			buildConfigurationList = CF25EA0623F9BE78000DEEAB /* Build configuration list for PBXNativeTarget "Habits" */;
			buildPhases = (
				CF25E9EE23F9BE76000DEEAB /* Sources */,
				CF25E9EF23F9BE76000DEEAB /* Frameworks */,
				CF25E9F023F9BE76000DEEAB /* Resources */,
			);
			buildRules = (
			);
			dependencies = (
			);
			name = Habits;
			productName = Habits;
			productReference = CF25E9F223F9BE76000DEEAB /* Habits.app */;
			productType = "com.apple.product-type.application";
		};
/* End PBXNativeTarget section */

/* Begin PBXProject section */
		CF25E9EA23F9BE76000DEEAB /* Project object */ = {
			isa = PBXProject;
			attributes = {
				LastSwiftUpdateCheck = 1130;
				LastUpgradeCheck = 1130;
				ORGANIZATIONNAME = Buck;
				TargetAttributes = {
					CF25E9F123F9BE76000DEEAB = {
						CreatedOnToolsVersion = 11.3.1;
					};
				};
			};
			buildConfigurationList = CF25E9ED23F9BE76000DEEAB /* Build configuration list for PBXProject "Habits" */;
			compatibilityVersion = "Xcode 9.3";
			developmentRegion = en;
			hasScannedForEncodings = 0;
			knownRegions = (
				en,
				Base,
			);
			mainGroup = CF25E9E923F9BE76000DEEAB;
			productRefGroup = CF25E9F323F9BE76000DEEAB /* Products */;
			projectDirPath = "";
			projectRoot = "";
			targets = (
				CF25E9F123F9BE76000DEEAB /* Habits */,
			);
		};
/* End PBXProject section */

/* Begin PBXResourcesBuildPhase section */
		CF25E9F023F9BE76000DEEAB /* Resources */ = {
			isa = PBXResourcesBuildPhase;
			buildActionMask = 2147483647;
			files = (
				CF25EA0223F9BE78000DEEAB /* LaunchScreen.storyboard in Resources */,
				CF25E9FF23F9BE78000DEEAB /* Preview Assets.xcassets in Resources */,
				CF25E9FC23F9BE78000DEEAB /* Assets.xcassets in Resources */,
			);
			runOnlyForDeploymentPostprocessing = 0;
		};
/* End PBXResourcesBuildPhase section */

/* Begin PBXSourcesBuildPhase section */
		CF25E9EE23F9BE76000DEEAB /* Sources */ = {
			isa = PBXSourcesBuildPhase;
			buildActionMask = 2147483647;
			files = (
				CF25E9F623F9BE76000DEEAB /* AppDelegate.swift in Sources */,
				CF25E9F823F9BE76000DEEAB /* SceneDelegate.swift in Sources */,
				CFD095852417C3D50055314B /* ButtonView.swift in Sources */,
				CFD50F47241761A10018B367 /* HabitInfo.swift in Sources */,
				CFD50F4B24176B780018B367 /* HabitView.swift in Sources */,
				CF11008A241781FE00930CC5 /* BlockView.swift in Sources */,
				CF25E9FA23F9BE76000DEEAB /* ContentView.swift in Sources */,
				CFD50F492417633E0018B367 /* AddHabitView.swift in Sources */,
			);
			runOnlyForDeploymentPostprocessing = 0;
		};
/* End PBXSourcesBuildPhase section */

/* Begin PBXVariantGroup section */
		CF25EA0023F9BE78000DEEAB /* LaunchScreen.storyboard */ = {
			isa = PBXVariantGroup;
			children = (
				CF25EA0123F9BE78000DEEAB /* Base */,
			);
			name = LaunchScreen.storyboard;
			sourceTree = "<group>";
		};
/* End PBXVariantGroup section */

/* Begin XCBuildConfiguration section */
		CF25EA0423F9BE78000DEEAB /* Debug */ = {
			isa = XCBuildConfiguration;
			buildSettings = {
				ALWAYS_SEARCH_USER_PATHS = NO;
				CLANG_ANALYZER_NONNULL = YES;
				CLANG_ANALYZER_NUMBER_OBJECT_CONVERSION = YES_AGGRESSIVE;
				CLANG_CXX_LANGUAGE_STANDARD = "gnu++14";
				CLANG_CXX_LIBRARY = "libc++";
				CLANG_ENABLE_MODULES = YES;
				CLANG_ENABLE_OBJC_ARC = YES;
				CLANG_ENABLE_OBJC_WEAK = YES;
				CLANG_WARN_BLOCK_CAPTURE_AUTORELEASING = YES;
				CLANG_WARN_BOOL_CONVERSION = YES;
				CLANG_WARN_COMMA = YES;
				CLANG_WARN_CONSTANT_CONVERSION = YES;
				CLANG_WARN_DEPRECATED_OBJC_IMPLEMENTATIONS = YES;
				CLANG_WARN_DIRECT_OBJC_ISA_USAGE = YES_ERROR;
				CLANG_WARN_DOCUMENTATION_COMMENTS = YES;
				CLANG_WARN_EMPTY_BODY = YES;
				CLANG_WARN_ENUM_CONVERSION = YES;
				CLANG_WARN_INFINITE_RECURSION = YES;
				CLANG_WARN_INT_CONVERSION = YES;
				CLANG_WARN_NON_LITERAL_NULL_CONVERSION = YES;
				CLANG_WARN_OBJC_IMPLICIT_RETAIN_SELF = YES;
				CLANG_WARN_OBJC_LITERAL_CONVERSION = YES;
				CLANG_WARN_OBJC_ROOT_CLASS = YES_ERROR;
				CLANG_WARN_RANGE_LOOP_ANALYSIS = YES;
				CLANG_WARN_STRICT_PROTOTYPES = YES;
				CLANG_WARN_SUSPICIOUS_MOVE = YES;
				CLANG_WARN_UNGUARDED_AVAILABILITY = YES_AGGRESSIVE;
				CLANG_WARN_UNREACHABLE_CODE = YES;
				CLANG_WARN__DUPLICATE_METHOD_MATCH = YES;
				COPY_PHASE_STRIP = NO;
				DEBUG_INFORMATION_FORMAT = dwarf;
				ENABLE_STRICT_OBJC_MSGSEND = YES;
				ENABLE_TESTABILITY = YES;
				GCC_C_LANGUAGE_STANDARD = gnu11;
				GCC_DYNAMIC_NO_PIC = NO;
				GCC_NO_COMMON_BLOCKS = YES;
				GCC_OPTIMIZATION_LEVEL = 0;
				GCC_PREPROCESSOR_DEFINITIONS = (
					"DEBUG=1",
					"$(inherited)",
				);
				GCC_WARN_64_TO_32_BIT_CONVERSION = YES;
				GCC_WARN_ABOUT_RETURN_TYPE = YES_ERROR;
				GCC_WARN_UNDECLARED_SELECTOR = YES;
				GCC_WARN_UNINITIALIZED_AUTOS = YES_AGGRESSIVE;
				GCC_WARN_UNUSED_FUNCTION = YES;
				GCC_WARN_UNUSED_VARIABLE = YES;
				IPHONEOS_DEPLOYMENT_TARGET = 13.2;
				MTL_ENABLE_DEBUG_INFO = INCLUDE_SOURCE;
				MTL_FAST_MATH = YES;
				ONLY_ACTIVE_ARCH = YES;
				SDKROOT = iphoneos;
				SWIFT_ACTIVE_COMPILATION_CONDITIONS = DEBUG;
				SWIFT_OPTIMIZATION_LEVEL = "-Onone";
			};
			name = Debug;
		};
		CF25EA0523F9BE78000DEEAB /* Release */ = {
			isa = XCBuildConfiguration;
			buildSettings = {
				ALWAYS_SEARCH_USER_PATHS = NO;
				CLANG_ANALYZER_NONNULL = YES;
				CLANG_ANALYZER_NUMBER_OBJECT_CONVERSION = YES_AGGRESSIVE;
				CLANG_CXX_LANGUAGE_STANDARD = "gnu++14";
				CLANG_CXX_LIBRARY = "libc++";
				CLANG_ENABLE_MODULES = YES;
				CLANG_ENABLE_OBJC_ARC = YES;
				CLANG_ENABLE_OBJC_WEAK = YES;
				CLANG_WARN_BLOCK_CAPTURE_AUTORELEASING = YES;
				CLANG_WARN_BOOL_CONVERSION = YES;
				CLANG_WARN_COMMA = YES;
				CLANG_WARN_CONSTANT_CONVERSION = YES;
				CLANG_WARN_DEPRECATED_OBJC_IMPLEMENTATIONS = YES;
				CLANG_WARN_DIRECT_OBJC_ISA_USAGE = YES_ERROR;
				CLANG_WARN_DOCUMENTATION_COMMENTS = YES;
				CLANG_WARN_EMPTY_BODY = YES;
				CLANG_WARN_ENUM_CONVERSION = YES;
				CLANG_WARN_INFINITE_RECURSION = YES;
				CLANG_WARN_INT_CONVERSION = YES;
				CLANG_WARN_NON_LITERAL_NULL_CONVERSION = YES;
				CLANG_WARN_OBJC_IMPLICIT_RETAIN_SELF = YES;
				CLANG_WARN_OBJC_LITERAL_CONVERSION = YES;
				CLANG_WARN_OBJC_ROOT_CLASS = YES_ERROR;
				CLANG_WARN_RANGE_LOOP_ANALYSIS = YES;
				CLANG_WARN_STRICT_PROTOTYPES = YES;
				CLANG_WARN_SUSPICIOUS_MOVE = YES;
				CLANG_WARN_UNGUARDED_AVAILABILITY = YES_AGGRESSIVE;
				CLANG_WARN_UNREACHABLE_CODE = YES;
				CLANG_WARN__DUPLICATE_METHOD_MATCH = YES;
				COPY_PHASE_STRIP = NO;
				DEBUG_INFORMATION_FORMAT = "dwarf-with-dsym";
				ENABLE_NS_ASSERTIONS = NO;
				ENABLE_STRICT_OBJC_MSGSEND = YES;
				GCC_C_LANGUAGE_STANDARD = gnu11;
				GCC_NO_COMMON_BLOCKS = YES;
				GCC_WARN_64_TO_32_BIT_CONVERSION = YES;
				GCC_WARN_ABOUT_RETURN_TYPE = YES_ERROR;
				GCC_WARN_UNDECLARED_SELECTOR = YES;
				GCC_WARN_UNINITIALIZED_AUTOS = YES_AGGRESSIVE;
				GCC_WARN_UNUSED_FUNCTION = YES;
				GCC_WARN_UNUSED_VARIABLE = YES;
				IPHONEOS_DEPLOYMENT_TARGET = 13.2;
				MTL_ENABLE_DEBUG_INFO = NO;
				MTL_FAST_MATH = YES;
				SDKROOT = iphoneos;
				SWIFT_COMPILATION_MODE = wholemodule;
				SWIFT_OPTIMIZATION_LEVEL = "-O";
				VALIDATE_PRODUCT = YES;
			};
			name = Release;
		};
		CF25EA0723F9BE78000DEEAB /* Debug */ = {
			isa = XCBuildConfiguration;
			buildSettings = {
				ASSETCATALOG_COMPILER_APPICON_NAME = AppIcon;
				CODE_SIGN_STYLE = Automatic;
				DEVELOPMENT_ASSET_PATHS = "\"Habits/Preview Content\"";
				ENABLE_PREVIEWS = YES;
				INFOPLIST_FILE = Habits/Info.plist;
				LD_RUNPATH_SEARCH_PATHS = (
					"$(inherited)",
					"@executable_path/Frameworks",
				);
				PRODUCT_BUNDLE_IDENTIFIER = com.buck.Habits;
				PRODUCT_NAME = "$(TARGET_NAME)";
				SWIFT_VERSION = 5.0;
				TARGETED_DEVICE_FAMILY = "1,2";
			};
			name = Debug;
		};
		CF25EA0823F9BE78000DEEAB /* Release */ = {
			isa = XCBuildConfiguration;
			buildSettings = {
				ASSETCATALOG_COMPILER_APPICON_NAME = AppIcon;
				CODE_SIGN_STYLE = Automatic;
				DEVELOPMENT_ASSET_PATHS = "\"Habits/Preview Content\"";
				ENABLE_PREVIEWS = YES;
				INFOPLIST_FILE = Habits/Info.plist;
				LD_RUNPATH_SEARCH_PATHS = (
					"$(inherited)",
					"@executable_path/Frameworks",
				);
				PRODUCT_BUNDLE_IDENTIFIER = com.buck.Habits;
				PRODUCT_NAME = "$(TARGET_NAME)";
				SWIFT_VERSION = 5.0;
				TARGETED_DEVICE_FAMILY = "1,2";
			};
			name = Release;
		};
/* End XCBuildConfiguration section */

/* Begin XCConfigurationList section */
		CF25E9ED23F9BE76000DEEAB /* Build configuration list for PBXProject "Habits" */ = {
			isa = XCConfigurationList;
			buildConfigurations = (
				CF25EA0423F9BE78000DEEAB /* Debug */,
				CF25EA0523F9BE78000DEEAB /* Release */,
			);
			defaultConfigurationIsVisible = 0;
			defaultConfigurationName = Release;
		};
		CF25EA0623F9BE78000DEEAB /* Build configuration list for PBXNativeTarget "Habits" */ = {
			isa = XCConfigurationList;
			buildConfigurations = (
				CF25EA0723F9BE78000DEEAB /* Debug */,
				CF25EA0823F9BE78000DEEAB /* Release */,
			);
			defaultConfigurationIsVisible = 0;
			defaultConfigurationName = Release;
		};
/* End XCConfigurationList section */
	};
	rootObject = CF25E9EA23F9BE76000DEEAB /* Project object */;
}
