// !$*UTF8*$!
{
	archiveVersion = 1;
	classes = {
	};
	objectVersion = 50;
	objects = {

/* Begin PBXBuildFile section */
		CF1C2DA9241528A8004AE5A4 /* AppDelegate.swift in Sources */ = {isa = PBXBuildFile; fileRef = CF1C2DA8241528A8004AE5A4 /* AppDelegate.swift */; };
		CF1C2DAB241528A8004AE5A4 /* SceneDelegate.swift in Sources */ = {isa = PBXBuildFile; fileRef = CF1C2DAA241528A8004AE5A4 /* SceneDelegate.swift */; };
		CF1C2DAD241528A8004AE5A4 /* ContentView.swift in Sources */ = {isa = PBXBuildFile; fileRef = CF1C2DAC241528A8004AE5A4 /* ContentView.swift */; };
		CF1C2DAF241528AA004AE5A4 /* Assets.xcassets in Resources */ = {isa = PBXBuildFile; fileRef = CF1C2DAE241528AA004AE5A4 /* Assets.xcassets */; };
		CF1C2DB2241528AA004AE5A4 /* Preview Assets.xcassets in Resources */ = {isa = PBXBuildFile; fileRef = CF1C2DB1241528AA004AE5A4 /* Preview Assets.xcassets */; };
		CF1C2DB5241528AA004AE5A4 /* LaunchScreen.storyboard in Resources */ = {isa = PBXBuildFile; fileRef = CF1C2DB3241528AA004AE5A4 /* LaunchScreen.storyboard */; };
		CF9A010B241932D100645F38 /* MKPointAnnotation-ObservableObject.swift in Sources */ = {isa = PBXBuildFile; fileRef = CF9A010A241932D100645F38 /* MKPointAnnotation-ObservableObject.swift */; };
		CF9A010D2419338D00645F38 /* EditView.swift in Sources */ = {isa = PBXBuildFile; fileRef = CF9A010C2419338D00645F38 /* EditView.swift */; };
		CF9A010F241936A200645F38 /* Result.swift in Sources */ = {isa = PBXBuildFile; fileRef = CF9A010E241936A200645F38 /* Result.swift */; };
		CFC58CF724174FE200D41036 /* MapView.swift in Sources */ = {isa = PBXBuildFile; fileRef = CFC58CF624174FE200D41036 /* MapView.swift */; };
/* End PBXBuildFile section */

/* Begin PBXFileReference section */
		CF1C2DA5241528A8004AE5A4 /* BucketList.app */ = {isa = PBXFileReference; explicitFileType = wrapper.application; includeInIndex = 0; path = BucketList.app; sourceTree = BUILT_PRODUCTS_DIR; };
		CF1C2DA8241528A8004AE5A4 /* AppDelegate.swift */ = {isa = PBXFileReference; lastKnownFileType = sourcecode.swift; path = AppDelegate.swift; sourceTree = "<group>"; };
		CF1C2DAA241528A8004AE5A4 /* SceneDelegate.swift */ = {isa = PBXFileReference; lastKnownFileType = sourcecode.swift; path = SceneDelegate.swift; sourceTree = "<group>"; };
		CF1C2DAC241528A8004AE5A4 /* ContentView.swift */ = {isa = PBXFileReference; lastKnownFileType = sourcecode.swift; path = ContentView.swift; sourceTree = "<group>"; };
		CF1C2DAE241528AA004AE5A4 /* Assets.xcassets */ = {isa = PBXFileReference; lastKnownFileType = folder.assetcatalog; path = Assets.xcassets; sourceTree = "<group>"; };
		CF1C2DB1241528AA004AE5A4 /* Preview Assets.xcassets */ = {isa = PBXFileReference; lastKnownFileType = folder.assetcatalog; path = "Preview Assets.xcassets"; sourceTree = "<group>"; };
		CF1C2DB4241528AA004AE5A4 /* Base */ = {isa = PBXFileReference; lastKnownFileType = file.storyboard; name = Base; path = Base.lproj/LaunchScreen.storyboard; sourceTree = "<group>"; };
		CF1C2DB6241528AA004AE5A4 /* Info.plist */ = {isa = PBXFileReference; lastKnownFileType = text.plist.xml; path = Info.plist; sourceTree = "<group>"; };
		CF9A010A241932D100645F38 /* MKPointAnnotation-ObservableObject.swift */ = {isa = PBXFileReference; lastKnownFileType = sourcecode.swift; path = "MKPointAnnotation-ObservableObject.swift"; sourceTree = "<group>"; };
		CF9A010C2419338D00645F38 /* EditView.swift */ = {isa = PBXFileReference; lastKnownFileType = sourcecode.swift; path = EditView.swift; sourceTree = "<group>"; };
		CF9A010E241936A200645F38 /* Result.swift */ = {isa = PBXFileReference; lastKnownFileType = sourcecode.swift; path = Result.swift; sourceTree = "<group>"; };
		CFC58CF624174FE200D41036 /* MapView.swift */ = {isa = PBXFileReference; lastKnownFileType = sourcecode.swift; path = MapView.swift; sourceTree = "<group>"; };
/* End PBXFileReference section */

/* Begin PBXFrameworksBuildPhase section */
		CF1C2DA2241528A8004AE5A4 /* Frameworks */ = {
			isa = PBXFrameworksBuildPhase;
			buildActionMask = 2147483647;
			files = (
			);
			runOnlyForDeploymentPostprocessing = 0;
		};
/* End PBXFrameworksBuildPhase section */

/* Begin PBXGroup section */
		CF1C2D9C241528A8004AE5A4 = {
			isa = PBXGroup;
			children = (
				CF1C2DA7241528A8004AE5A4 /* BucketList */,
				CF1C2DA6241528A8004AE5A4 /* Products */,
			);
			sourceTree = "<group>";
		};
		CF1C2DA6241528A8004AE5A4 /* Products */ = {
			isa = PBXGroup;
			children = (
				CF1C2DA5241528A8004AE5A4 /* BucketList.app */,
			);
			name = Products;
			sourceTree = "<group>";
		};
		CF1C2DA7241528A8004AE5A4 /* BucketList */ = {
			isa = PBXGroup;
			children = (
				CF1C2DA8241528A8004AE5A4 /* AppDelegate.swift */,
				CF1C2DAA241528A8004AE5A4 /* SceneDelegate.swift */,
				CF1C2DAC241528A8004AE5A4 /* ContentView.swift */,
				CF9A010A241932D100645F38 /* MKPointAnnotation-ObservableObject.swift */,
				CF9A010C2419338D00645F38 /* EditView.swift */,
				CF9A010E241936A200645F38 /* Result.swift */,
				CFC58CF624174FE200D41036 /* MapView.swift */,
				CF1C2DAE241528AA004AE5A4 /* Assets.xcassets */,
				CF1C2DB3241528AA004AE5A4 /* LaunchScreen.storyboard */,
				CF1C2DB6241528AA004AE5A4 /* Info.plist */,
				CF1C2DB0241528AA004AE5A4 /* Preview Content */,
			);
			path = BucketList;
			sourceTree = "<group>";
		};
		CF1C2DB0241528AA004AE5A4 /* Preview Content */ = {
			isa = PBXGroup;
			children = (
				CF1C2DB1241528AA004AE5A4 /* Preview Assets.xcassets */,
			);
			path = "Preview Content";
			sourceTree = "<group>";
		};
/* End PBXGroup section */

/* Begin PBXNativeTarget section */
		CF1C2DA4241528A8004AE5A4 /* BucketList */ = {
			isa = PBXNativeTarget;
			buildConfigurationList = CF1C2DB9241528AA004AE5A4 /* Build configuration list for PBXNativeTarget "BucketList" */;
			buildPhases = (
				CF1C2DA1241528A8004AE5A4 /* Sources */,
				CF1C2DA2241528A8004AE5A4 /* Frameworks */,
				CF1C2DA3241528A8004AE5A4 /* Resources */,
			);
			buildRules = (
			);
			dependencies = (
			);
			name = BucketList;
			productName = BucketList;
			productReference = CF1C2DA5241528A8004AE5A4 /* BucketList.app */;
			productType = "com.apple.product-type.application";
		};
/* End PBXNativeTarget section */

/* Begin PBXProject section */
		CF1C2D9D241528A8004AE5A4 /* Project object */ = {
			isa = PBXProject;
			attributes = {
				LastSwiftUpdateCheck = 1130;
				LastUpgradeCheck = 1130;
				ORGANIZATIONNAME = Buck;
				TargetAttributes = {
					CF1C2DA4241528A8004AE5A4 = {
						CreatedOnToolsVersion = 11.3.1;
					};
				};
			};
			buildConfigurationList = CF1C2DA0241528A8004AE5A4 /* Build configuration list for PBXProject "BucketList" */;
			compatibilityVersion = "Xcode 9.3";
			developmentRegion = en;
			hasScannedForEncodings = 0;
			knownRegions = (
				en,
				Base,
			);
			mainGroup = CF1C2D9C241528A8004AE5A4;
			productRefGroup = CF1C2DA6241528A8004AE5A4 /* Products */;
			projectDirPath = "";
			projectRoot = "";
			targets = (
				CF1C2DA4241528A8004AE5A4 /* BucketList */,
			);
		};
/* End PBXProject section */

/* Begin PBXResourcesBuildPhase section */
		CF1C2DA3241528A8004AE5A4 /* Resources */ = {
			isa = PBXResourcesBuildPhase;
			buildActionMask = 2147483647;
			files = (
				CF1C2DB5241528AA004AE5A4 /* LaunchScreen.storyboard in Resources */,
				CF1C2DB2241528AA004AE5A4 /* Preview Assets.xcassets in Resources */,
				CF1C2DAF241528AA004AE5A4 /* Assets.xcassets in Resources */,
			);
			runOnlyForDeploymentPostprocessing = 0;
		};
/* End PBXResourcesBuildPhase section */

/* Begin PBXSourcesBuildPhase section */
		CF1C2DA1241528A8004AE5A4 /* Sources */ = {
			isa = PBXSourcesBuildPhase;
			buildActionMask = 2147483647;
			files = (
				CF1C2DA9241528A8004AE5A4 /* AppDelegate.swift in Sources */,
				CFC58CF724174FE200D41036 /* MapView.swift in Sources */,
				CF9A010D2419338D00645F38 /* EditView.swift in Sources */,
				CF1C2DAB241528A8004AE5A4 /* SceneDelegate.swift in Sources */,
				CF9A010F241936A200645F38 /* Result.swift in Sources */,
				CF9A010B241932D100645F38 /* MKPointAnnotation-ObservableObject.swift in Sources */,
				CF1C2DAD241528A8004AE5A4 /* ContentView.swift in Sources */,
			);
			runOnlyForDeploymentPostprocessing = 0;
		};
/* End PBXSourcesBuildPhase section */

/* Begin PBXVariantGroup section */
		CF1C2DB3241528AA004AE5A4 /* LaunchScreen.storyboard */ = {
			isa = PBXVariantGroup;
			children = (
				CF1C2DB4241528AA004AE5A4 /* Base */,
			);
			name = LaunchScreen.storyboard;
			sourceTree = "<group>";
		};
/* End PBXVariantGroup section */

/* Begin XCBuildConfiguration section */
		CF1C2DB7241528AA004AE5A4 /* Debug */ = {
			isa = XCBuildConfiguration;
			buildSettings = {
				ALWAYS_SEARCH_USER_PATHS = NO;
				CLANG_ANALYZER_NONNULL = YES;
				CLANG_ANALYZER_NUMBER_OBJECT_CONVERSION = YES_AGGRESSIVE;
				CLANG_CXX_LANGUAGE_STANDARD = "gnu++14";
				CLANG_CXX_LIBRARY = "libc++";
				CLANG_ENABLE_MODULES = YES;
				CLANG_ENABLE_OBJC_ARC = YES;
				CLANG_ENABLE_OBJC_WEAK = YES;
				CLANG_WARN_BLOCK_CAPTURE_AUTORELEASING = YES;
				CLANG_WARN_BOOL_CONVERSION = YES;
				CLANG_WARN_COMMA = YES;
				CLANG_WARN_CONSTANT_CONVERSION = YES;
				CLANG_WARN_DEPRECATED_OBJC_IMPLEMENTATIONS = YES;
				CLANG_WARN_DIRECT_OBJC_ISA_USAGE = YES_ERROR;
				CLANG_WARN_DOCUMENTATION_COMMENTS = YES;
				CLANG_WARN_EMPTY_BODY = YES;
				CLANG_WARN_ENUM_CONVERSION = YES;
				CLANG_WARN_INFINITE_RECURSION = YES;
				CLANG_WARN_INT_CONVERSION = YES;
				CLANG_WARN_NON_LITERAL_NULL_CONVERSION = YES;
				CLANG_WARN_OBJC_IMPLICIT_RETAIN_SELF = YES;
				CLANG_WARN_OBJC_LITERAL_CONVERSION = YES;
				CLANG_WARN_OBJC_ROOT_CLASS = YES_ERROR;
				CLANG_WARN_RANGE_LOOP_ANALYSIS = YES;
				CLANG_WARN_STRICT_PROTOTYPES = YES;
				CLANG_WARN_SUSPICIOUS_MOVE = YES;
				CLANG_WARN_UNGUARDED_AVAILABILITY = YES_AGGRESSIVE;
				CLANG_WARN_UNREACHABLE_CODE = YES;
				CLANG_WARN__DUPLICATE_METHOD_MATCH = YES;
				COPY_PHASE_STRIP = NO;
				DEBUG_INFORMATION_FORMAT = dwarf;
				ENABLE_STRICT_OBJC_MSGSEND = YES;
				ENABLE_TESTABILITY = YES;
				GCC_C_LANGUAGE_STANDARD = gnu11;
				GCC_DYNAMIC_NO_PIC = NO;
				GCC_NO_COMMON_BLOCKS = YES;
				GCC_OPTIMIZATION_LEVEL = 0;
				GCC_PREPROCESSOR_DEFINITIONS = (
					"DEBUG=1",
					"$(inherited)",
				);
				GCC_WARN_64_TO_32_BIT_CONVERSION = YES;
				GCC_WARN_ABOUT_RETURN_TYPE = YES_ERROR;
				GCC_WARN_UNDECLARED_SELECTOR = YES;
				GCC_WARN_UNINITIALIZED_AUTOS = YES_AGGRESSIVE;
				GCC_WARN_UNUSED_FUNCTION = YES;
				GCC_WARN_UNUSED_VARIABLE = YES;
				IPHONEOS_DEPLOYMENT_TARGET = 13.2;
				MTL_ENABLE_DEBUG_INFO = INCLUDE_SOURCE;
				MTL_FAST_MATH = YES;
				ONLY_ACTIVE_ARCH = YES;
				SDKROOT = iphoneos;
				SWIFT_ACTIVE_COMPILATION_CONDITIONS = DEBUG;
				SWIFT_OPTIMIZATION_LEVEL = "-Onone";
			};
			name = Debug;
		};
		CF1C2DB8241528AA004AE5A4 /* Release */ = {
			isa = XCBuildConfiguration;
			buildSettings = {
				ALWAYS_SEARCH_USER_PATHS = NO;
				CLANG_ANALYZER_NONNULL = YES;
				CLANG_ANALYZER_NUMBER_OBJECT_CONVERSION = YES_AGGRESSIVE;
				CLANG_CXX_LANGUAGE_STANDARD = "gnu++14";
				CLANG_CXX_LIBRARY = "libc++";
				CLANG_ENABLE_MODULES = YES;
				CLANG_ENABLE_OBJC_ARC = YES;
				CLANG_ENABLE_OBJC_WEAK = YES;
				CLANG_WARN_BLOCK_CAPTURE_AUTORELEASING = YES;
				CLANG_WARN_BOOL_CONVERSION = YES;
				CLANG_WARN_COMMA = YES;
				CLANG_WARN_CONSTANT_CONVERSION = YES;
				CLANG_WARN_DEPRECATED_OBJC_IMPLEMENTATIONS = YES;
				CLANG_WARN_DIRECT_OBJC_ISA_USAGE = YES_ERROR;
				CLANG_WARN_DOCUMENTATION_COMMENTS = YES;
				CLANG_WARN_EMPTY_BODY = YES;
				CLANG_WARN_ENUM_CONVERSION = YES;
				CLANG_WARN_INFINITE_RECURSION = YES;
				CLANG_WARN_INT_CONVERSION = YES;
				CLANG_WARN_NON_LITERAL_NULL_CONVERSION = YES;
				CLANG_WARN_OBJC_IMPLICIT_RETAIN_SELF = YES;
				CLANG_WARN_OBJC_LITERAL_CONVERSION = YES;
				CLANG_WARN_OBJC_ROOT_CLASS = YES_ERROR;
				CLANG_WARN_RANGE_LOOP_ANALYSIS = YES;
				CLANG_WARN_STRICT_PROTOTYPES = YES;
				CLANG_WARN_SUSPICIOUS_MOVE = YES;
				CLANG_WARN_UNGUARDED_AVAILABILITY = YES_AGGRESSIVE;
				CLANG_WARN_UNREACHABLE_CODE = YES;
				CLANG_WARN__DUPLICATE_METHOD_MATCH = YES;
				COPY_PHASE_STRIP = NO;
				DEBUG_INFORMATION_FORMAT = "dwarf-with-dsym";
				ENABLE_NS_ASSERTIONS = NO;
				ENABLE_STRICT_OBJC_MSGSEND = YES;
				GCC_C_LANGUAGE_STANDARD = gnu11;
				GCC_NO_COMMON_BLOCKS = YES;
				GCC_WARN_64_TO_32_BIT_CONVERSION = YES;
				GCC_WARN_ABOUT_RETURN_TYPE = YES_ERROR;
				GCC_WARN_UNDECLARED_SELECTOR = YES;
				GCC_WARN_UNINITIALIZED_AUTOS = YES_AGGRESSIVE;
				GCC_WARN_UNUSED_FUNCTION = YES;
				GCC_WARN_UNUSED_VARIABLE = YES;
				IPHONEOS_DEPLOYMENT_TARGET = 13.2;
				MTL_ENABLE_DEBUG_INFO = NO;
				MTL_FAST_MATH = YES;
				SDKROOT = iphoneos;
				SWIFT_COMPILATION_MODE = wholemodule;
				SWIFT_OPTIMIZATION_LEVEL = "-O";
				VALIDATE_PRODUCT = YES;
			};
			name = Release;
		};
		CF1C2DBA241528AA004AE5A4 /* Debug */ = {
			isa = XCBuildConfiguration;
			buildSettings = {
				ASSETCATALOG_COMPILER_APPICON_NAME = AppIcon;
				CODE_SIGN_STYLE = Automatic;
				DEVELOPMENT_ASSET_PATHS = "\"BucketList/Preview Content\"";
				ENABLE_PREVIEWS = YES;
				INFOPLIST_FILE = BucketList/Info.plist;
				LD_RUNPATH_SEARCH_PATHS = (
					"$(inherited)",
					"@executable_path/Frameworks",
				);
				PRODUCT_BUNDLE_IDENTIFIER = com.buck.BucketList;
				PRODUCT_NAME = "$(TARGET_NAME)";
				SWIFT_VERSION = 5.0;
				TARGETED_DEVICE_FAMILY = "1,2";
			};
			name = Debug;
		};
		CF1C2DBB241528AA004AE5A4 /* Release */ = {
			isa = XCBuildConfiguration;
			buildSettings = {
				ASSETCATALOG_COMPILER_APPICON_NAME = AppIcon;
				CODE_SIGN_STYLE = Automatic;
				DEVELOPMENT_ASSET_PATHS = "\"BucketList/Preview Content\"";
				ENABLE_PREVIEWS = YES;
				INFOPLIST_FILE = BucketList/Info.plist;
				LD_RUNPATH_SEARCH_PATHS = (
					"$(inherited)",
					"@executable_path/Frameworks",
				);
				PRODUCT_BUNDLE_IDENTIFIER = com.buck.BucketList;
				PRODUCT_NAME = "$(TARGET_NAME)";
				SWIFT_VERSION = 5.0;
				TARGETED_DEVICE_FAMILY = "1,2";
			};
			name = Release;
		};
/* End XCBuildConfiguration section */

/* Begin XCConfigurationList section */
		CF1C2DA0241528A8004AE5A4 /* Build configuration list for PBXProject "BucketList" */ = {
			isa = XCConfigurationList;
			buildConfigurations = (
				CF1C2DB7241528AA004AE5A4 /* Debug */,
				CF1C2DB8241528AA004AE5A4 /* Release */,
			);
			defaultConfigurationIsVisible = 0;
			defaultConfigurationName = Release;
		};
		CF1C2DB9241528AA004AE5A4 /* Build configuration list for PBXNativeTarget "BucketList" */ = {
			isa = XCConfigurationList;
			buildConfigurations = (
				CF1C2DBA241528AA004AE5A4 /* Debug */,
				CF1C2DBB241528AA004AE5A4 /* Release */,
			);
			defaultConfigurationIsVisible = 0;
			defaultConfigurationName = Release;
		};
/* End XCConfigurationList section */
	};
	rootObject = CF1C2D9D241528A8004AE5A4 /* Project object */;
}
